{
  "version": 4,
  "terraform_version": "1.5.4",
  "serial": 60,
  "lineage": "8d090ad9-990e-e101-c92c-994c8e4696e2",
  "outputs": {
    "INFO": {
      "value": "AWS Resources and Wordpress has been provisioned. Go to http://54.204.59.38",
      "type": "string"
    },
    "IP": {
      "value": "54.204.59.38",
      "type": "string"
    },
    "RDS-Endpoint": {
      "value": "terraform-20240205022942388200000004.cqygjnfepyaz.us-east-1.rds.amazonaws.com:3306",
      "type": "string"
    }
  },
  "resources": [
    {
      "mode": "data",
      "type": "template_file",
      "name": "dados-rds",
      "provider": "provider[\"registry.terraform.io/hashicorp/template\"]",
      "instances": [
        {
          "schema_version": 0,
          "attributes": {
            "filename": null,
            "id": "d3ee9557f01eb5265131f6e655da97b522b5ff66242d603ea532d76eaf7e3864",
            "rendered": "AUTH_KEY: 55}a.|]~J_\u0026xqy1Tzj+EKIAb^%+u_-LWj4vT-.8=!;-./|z*Fg/G:K1-|+BTpX!Y\nSECURE_AUTH_KEY: oQ2)!(LISKscS*3{Z_\u003cj]BC apv$vUyUhf*{:zasJ\u0026q4g@PXLl0E!^*pt7\u003e-Ld[-\nLOGGED_IN_KEY: HE|mip}vngoev~U$P2H:2,l(Q=GF+cUl+n6tzkb[YV1`[dui3S0o]jE-\u003evJWXN|]\nNONCE_KEY: MD!{U}w]\u003c{^{Rcm?swml8rLFO.kApT:ur aQyCdR:@,iBrvld+\u003cC!(q+}(6~JBSe\nAUTH_SALT: Q\u003cDd7H~HYRM-]?K[4u3\u0026ijr:d{IS1cbiD#+yygZg[q/0p/h!#|4iA}[!pT[2K3Ss\nSECURE_AUTH_SALT: veu@M0O;\u003cCcO$6hyY}+zRD;Pm?}+Pm+H!4X|fJU:,7A{3w?S#f|G+!HeRFX\u003cN7\u003eK\nLOGGED_IN_SALT: f43|CIfH`=m3HK)q^dzBbZE,6b azb@hdQ#P\u003cj5%hfmpmeL_Qq3l~9,]\u003cZM]KcB)\nNONCE_SALT: )u\u003cZ=tMMGs-miQo1XHF\u0026p\u003c[X8W`|#d+v 7H6~T9r TJ0R+CxIc-^DDS3Q#\u003euIHOF\n\n#root_password: \"root\"\n#\n#user_name: \"wordpressuser\"\n#user_pass: \"wordpresspass\"\n#db_name: \"wordpress\"\n\ndb_name: wordpress_db\ndb_host: terraform-20240205022942388200000004.cqygjnfepyaz.us-east-1.rds.amazonaws.com:3306\ndb_username: wordpress_user\ndb_password: PassWord4-user\n\nmysql_port: 3306",
            "template": "AUTH_KEY: 55}a.|]~J_\u0026xqy1Tzj+EKIAb^%+u_-LWj4vT-.8=!;-./|z*Fg/G:K1-|+BTpX!Y\nSECURE_AUTH_KEY: oQ2)!(LISKscS*3{Z_\u003cj]BC apv$vUyUhf*{:zasJ\u0026q4g@PXLl0E!^*pt7\u003e-Ld[-\nLOGGED_IN_KEY: HE|mip}vngoev~U$P2H:2,l(Q=GF+cUl+n6tzkb[YV1`[dui3S0o]jE-\u003evJWXN|]\nNONCE_KEY: MD!{U}w]\u003c{^{Rcm?swml8rLFO.kApT:ur aQyCdR:@,iBrvld+\u003cC!(q+}(6~JBSe\nAUTH_SALT: Q\u003cDd7H~HYRM-]?K[4u3\u0026ijr:d{IS1cbiD#+yygZg[q/0p/h!#|4iA}[!pT[2K3Ss\nSECURE_AUTH_SALT: veu@M0O;\u003cCcO$6hyY}+zRD;Pm?}+Pm+H!4X|fJU:,7A{3w?S#f|G+!HeRFX\u003cN7\u003eK\nLOGGED_IN_SALT: f43|CIfH`=m3HK)q^dzBbZE,6b azb@hdQ#P\u003cj5%hfmpmeL_Qq3l~9,]\u003cZM]KcB)\nNONCE_SALT: )u\u003cZ=tMMGs-miQo1XHF\u0026p\u003c[X8W`|#d+v 7H6~T9r TJ0R+CxIc-^DDS3Q#\u003euIHOF\n\n#root_password: \"root\"\n#\n#user_name: \"wordpressuser\"\n#user_pass: \"wordpresspass\"\n#db_name: \"wordpress\"\n\ndb_name: ${db_name_wp}\ndb_host: ${db_RDS}\ndb_username: ${db_username}\ndb_password: ${db_user_password}\n\nmysql_port: 3306",
            "vars": {
              "db_RDS": "terraform-20240205022942388200000004.cqygjnfepyaz.us-east-1.rds.amazonaws.com:3306",
              "db_name_wp": "wordpress_db",
              "db_user_password": "PassWord4-user",
              "db_username": "wordpress_user",
              "ip_servidor": "54.204.59.38"
            }
          },
          "sensitive_attributes": []
        }
      ]
    },
    {
      "mode": "data",
      "type": "template_file",
      "name": "hosts-correto",
      "provider": "provider[\"registry.terraform.io/hashicorp/template\"]",
      "instances": [
        {
          "schema_version": 0,
          "attributes": {
            "filename": null,
            "id": "28faee413bedd8ccff875423f74d9057526f1e582340325d708c97de0143eef3",
            "rendered": "[all]\n54.204.59.38\n\n[localhost]\n54.204.59.38",
            "template": "[all]\n${ip_servidor}\n\n[localhost]\n${ip_servidor}",
            "vars": {
              "ip_servidor": "54.204.59.38"
            }
          },
          "sensitive_attributes": []
        }
      ]
    },
    {
      "mode": "managed",
      "type": "aws_db_instance",
      "name": "wordpressdb",
      "provider": "provider[\"registry.terraform.io/hashicorp/aws\"]",
      "instances": [
        {
          "schema_version": 1,
          "attributes": {
            "address": "terraform-20240205022942388200000004.cqygjnfepyaz.us-east-1.rds.amazonaws.com",
            "allocated_storage": 20,
            "allow_major_version_upgrade": null,
            "apply_immediately": null,
            "arn": "arn:aws:rds:us-east-1:456962030521:db:terraform-20240205022942388200000004",
            "auto_minor_version_upgrade": true,
            "availability_zone": "us-east-1c",
            "backup_retention_period": 0,
            "backup_window": "08:44-09:14",
            "ca_cert_identifier": "rds-ca-rsa2048-g1",
            "character_set_name": "",
            "copy_tags_to_snapshot": false,
            "customer_owned_ip_enabled": false,
            "db_name": "wordpress_db",
            "db_subnet_group_name": "terraform-20240205022937506000000002",
            "delete_automated_backups": true,
            "deletion_protection": false,
            "domain": "",
            "domain_iam_role_name": "",
            "enabled_cloudwatch_logs_exports": null,
            "endpoint": "terraform-20240205022942388200000004.cqygjnfepyaz.us-east-1.rds.amazonaws.com:3306",
            "engine": "mysql",
            "engine_version": "5.7",
            "engine_version_actual": "5.7.44",
            "final_snapshot_identifier": null,
            "hosted_zone_id": "Z2R2ITUGPM61AM",
            "iam_database_authentication_enabled": false,
            "id": "terraform-20240205022942388200000004",
            "identifier": "terraform-20240205022942388200000004",
            "identifier_prefix": "terraform-",
            "instance_class": "db.t3.micro",
            "iops": 0,
            "kms_key_id": "",
            "latest_restorable_time": "",
            "license_model": "general-public-license",
            "maintenance_window": "sat:07:19-sat:07:49",
            "max_allocated_storage": 0,
            "monitoring_interval": 0,
            "monitoring_role_arn": "",
            "multi_az": false,
            "name": "wordpress_db",
            "nchar_character_set_name": "",
            "network_type": "IPV4",
            "option_group_name": "default:mysql-5-7",
            "parameter_group_name": "default.mysql5.7",
            "password": "PassWord4-user",
            "performance_insights_enabled": false,
            "performance_insights_kms_key_id": "",
            "performance_insights_retention_period": 0,
            "port": 3306,
            "publicly_accessible": false,
            "replica_mode": "",
            "replicas": [],
            "replicate_source_db": "",
            "resource_id": "db-IWPMGTHWHCIHYXKP3WPB7KZHJQ",
            "restore_to_point_in_time": [],
            "s3_import": [],
            "security_group_names": null,
            "skip_final_snapshot": true,
            "snapshot_identifier": null,
            "status": "available",
            "storage_encrypted": false,
            "storage_type": "gp2",
            "tags": null,
            "tags_all": {},
            "timeouts": null,
            "timezone": "",
            "username": "wordpress_user",
            "vpc_security_group_ids": [
              "sg-0c36cdcf52048c727"
            ]
          },
          "sensitive_attributes": [],
          "private": "eyJlMmJmYjczMC1lY2FhLTExZTYtOGY4OC0zNDM2M2JjN2M0YzAiOnsiY3JlYXRlIjoyNDAwMDAwMDAwMDAwLCJkZWxldGUiOjM2MDAwMDAwMDAwMDAsInVwZGF0ZSI6NDgwMDAwMDAwMDAwMH0sInNjaGVtYV92ZXJzaW9uIjoiMSJ9",
          "dependencies": [
            "aws_db_subnet_group.RDS_subnet_grp",
            "aws_security_group.RDS_allow_rule",
            "aws_security_group.ec2_allow_rule",
            "aws_subnet.prod-subnet-private-1",
            "aws_subnet.prod-subnet-private-2",
            "aws_vpc.prod-vpc"
          ]
        }
      ]
    },
    {
      "mode": "managed",
      "type": "aws_db_subnet_group",
      "name": "RDS_subnet_grp",
      "provider": "provider[\"registry.terraform.io/hashicorp/aws\"]",
      "instances": [
        {
          "schema_version": 0,
          "attributes": {
            "arn": "arn:aws:rds:us-east-1:456962030521:subgrp:terraform-20240205022937506000000002",
            "description": "Managed by Terraform",
            "id": "terraform-20240205022937506000000002",
            "name": "terraform-20240205022937506000000002",
            "name_prefix": "terraform-",
            "subnet_ids": [
              "subnet-0b8688213bf330ee7",
              "subnet-0f63c0e111348ac28"
            ],
            "supported_network_types": [
              "IPV4"
            ],
            "tags": null,
            "tags_all": {}
          },
          "sensitive_attributes": [],
          "private": "bnVsbA==",
          "dependencies": [
            "aws_subnet.prod-subnet-private-1",
            "aws_subnet.prod-subnet-private-2",
            "aws_vpc.prod-vpc"
          ]
        }
      ]
    },
    {
      "mode": "managed",
      "type": "aws_eip",
      "name": "eip",
      "provider": "provider[\"registry.terraform.io/hashicorp/aws\"]",
      "instances": [
        {
          "schema_version": 0,
          "attributes": {
            "address": null,
            "allocation_id": "eipalloc-0ebbbcd67f9012951",
            "associate_with_private_ip": null,
            "association_id": "eipassoc-0bdf91ba85225885d",
            "carrier_ip": "",
            "customer_owned_ip": "",
            "customer_owned_ipv4_pool": "",
            "domain": "vpc",
            "id": "eipalloc-0ebbbcd67f9012951",
            "instance": "i-016ce085271183b71",
            "network_border_group": "us-east-1",
            "network_interface": "eni-07a57214aac7a788d",
            "private_dns": "ip-10-0-1-30.ec2.internal",
            "private_ip": "10.0.1.30",
            "public_dns": "ec2-54-204-59-38.compute-1.amazonaws.com",
            "public_ip": "54.204.59.38",
            "public_ipv4_pool": "amazon",
            "tags": null,
            "tags_all": {},
            "timeouts": null,
            "vpc": true
          },
          "sensitive_attributes": [],
          "private": "eyJlMmJmYjczMC1lY2FhLTExZTYtOGY4OC0zNDM2M2JjN2M0YzAiOnsiZGVsZXRlIjoxODAwMDAwMDAwMDAsInJlYWQiOjkwMDAwMDAwMDAwMCwidXBkYXRlIjozMDAwMDAwMDAwMDB9fQ==",
          "dependencies": [
            "aws_db_instance.wordpressdb",
            "aws_db_subnet_group.RDS_subnet_grp",
            "aws_instance.wordpressec2",
            "aws_security_group.RDS_allow_rule",
            "aws_security_group.ec2_allow_rule",
            "aws_subnet.prod-subnet-private-1",
            "aws_subnet.prod-subnet-private-2",
            "aws_subnet.prod-subnet-public-1",
            "aws_vpc.prod-vpc"
          ]
        }
      ]
    },
    {
      "mode": "managed",
      "type": "aws_instance",
      "name": "wordpressec2",
      "provider": "provider[\"registry.terraform.io/hashicorp/aws\"]",
      "instances": [
        {
          "schema_version": 1,
          "attributes": {
            "ami": "ami-053b0d53c279acc90",
            "arn": "arn:aws:ec2:us-east-1:456962030521:instance/i-016ce085271183b71",
            "associate_public_ip_address": true,
            "availability_zone": "us-east-1a",
            "capacity_reservation_specification": [
              {
                "capacity_reservation_preference": "open",
                "capacity_reservation_target": []
              }
            ],
            "cpu_core_count": 1,
            "cpu_threads_per_core": 1,
            "credit_specification": [
              {
                "cpu_credits": "standard"
              }
            ],
            "disable_api_stop": false,
            "disable_api_termination": false,
            "ebs_block_device": [],
            "ebs_optimized": false,
            "enclave_options": [
              {
                "enabled": false
              }
            ],
            "ephemeral_block_device": [],
            "get_password_data": false,
            "hibernation": false,
            "host_id": null,
            "host_resource_group_arn": null,
            "iam_instance_profile": "",
            "id": "i-016ce085271183b71",
            "instance_initiated_shutdown_behavior": "stop",
            "instance_state": "running",
            "instance_type": "t2.micro",
            "ipv6_address_count": 0,
            "ipv6_addresses": [],
            "key_name": "chave-ansible",
            "launch_template": [],
            "maintenance_options": [
              {
                "auto_recovery": "default"
              }
            ],
            "metadata_options": [
              {
                "http_endpoint": "enabled",
                "http_put_response_hop_limit": 1,
                "http_tokens": "optional",
                "instance_metadata_tags": "disabled"
              }
            ],
            "monitoring": false,
            "network_interface": [],
            "outpost_arn": "",
            "password_data": "",
            "placement_group": "",
            "placement_partition_number": null,
            "primary_network_interface_id": "eni-07a57214aac7a788d",
            "private_dns": "ip-10-0-1-30.ec2.internal",
            "private_dns_name_options": [
              {
                "enable_resource_name_dns_a_record": false,
                "enable_resource_name_dns_aaaa_record": false,
                "hostname_type": "ip-name"
              }
            ],
            "private_ip": "10.0.1.30",
            "public_dns": "ec2-100-26-35-54.compute-1.amazonaws.com",
            "public_ip": "100.26.35.54",
            "root_block_device": [
              {
                "delete_on_termination": true,
                "device_name": "/dev/sda1",
                "encrypted": false,
                "iops": 100,
                "kms_key_id": "",
                "tags": {},
                "throughput": 0,
                "volume_id": "vol-056b99b28377db949",
                "volume_size": 8,
                "volume_type": "gp2"
              }
            ],
            "secondary_private_ips": [],
            "security_groups": [],
            "source_dest_check": true,
            "subnet_id": "subnet-004493a01036569e8",
            "tags": {
              "Name": "Wordpress.web"
            },
            "tags_all": {
              "Name": "Wordpress.web"
            },
            "tenancy": "default",
            "timeouts": null,
            "user_data": null,
            "user_data_base64": null,
            "user_data_replace_on_change": false,
            "volume_tags": null,
            "vpc_security_group_ids": [
              "sg-047252cd8921dc961"
            ]
          },
          "sensitive_attributes": [],
          "private": "eyJlMmJmYjczMC1lY2FhLTExZTYtOGY4OC0zNDM2M2JjN2M0YzAiOnsiY3JlYXRlIjo2MDAwMDAwMDAwMDAsImRlbGV0ZSI6MTIwMDAwMDAwMDAwMCwidXBkYXRlIjo2MDAwMDAwMDAwMDB9LCJzY2hlbWFfdmVyc2lvbiI6IjEifQ==",
          "dependencies": [
            "aws_db_instance.wordpressdb",
            "aws_db_subnet_group.RDS_subnet_grp",
            "aws_security_group.RDS_allow_rule",
            "aws_security_group.ec2_allow_rule",
            "aws_subnet.prod-subnet-private-1",
            "aws_subnet.prod-subnet-private-2",
            "aws_subnet.prod-subnet-public-1",
            "aws_vpc.prod-vpc"
          ]
        }
      ]
    },
    {
      "mode": "managed",
      "type": "aws_internet_gateway",
      "name": "prod-igw",
      "provider": "provider[\"registry.terraform.io/hashicorp/aws\"]",
      "instances": [
        {
          "schema_version": 0,
          "attributes": {
            "arn": "arn:aws:ec2:us-east-1:456962030521:internet-gateway/igw-02bdab98f52bef99a",
            "id": "igw-02bdab98f52bef99a",
            "owner_id": "456962030521",
            "tags": null,
            "tags_all": {},
            "timeouts": null,
            "vpc_id": "vpc-06f36f53b56339bd6"
          },
          "sensitive_attributes": [],
          "private": "eyJlMmJmYjczMC1lY2FhLTExZTYtOGY4OC0zNDM2M2JjN2M0YzAiOnsiY3JlYXRlIjoxMjAwMDAwMDAwMDAwLCJkZWxldGUiOjEyMDAwMDAwMDAwMDAsInVwZGF0ZSI6MTIwMDAwMDAwMDAwMH19",
          "dependencies": [
            "aws_vpc.prod-vpc"
          ]
        }
      ]
    },
    {
      "mode": "managed",
      "type": "aws_key_pair",
      "name": "chave-ansible",
      "provider": "provider[\"registry.terraform.io/hashicorp/aws\"]",
      "instances": [
        {
          "schema_version": 1,
          "attributes": {
            "arn": "arn:aws:ec2:us-east-1:456962030521:key-pair/chave-ansible",
            "fingerprint": "e2:a1:ea:24:ce:bf:0f:ab:e8:97:7e:6e:84:29:bd:09",
            "id": "chave-ansible",
            "key_name": "chave-ansible",
            "key_name_prefix": "",
            "key_pair_id": "key-0fbc9f3710c3ffa9e",
            "key_type": "rsa",
            "public_key": "ssh-rsa AAAAB3NzaC1yc2EAAAADAQABAAABAQDOklcQzHV2h8TMwUp96Ke0ryT6m1iaOrGsJMeO0tnuIyMdl8P5rs46PnpQy7KP8OPTaLL/xropHprTMBT8khdWsaNCpp1CqxVcdl0Z8Q8kynSxcJMVytfAsPVimGOfXJvmdb34MvQtpL9bJv5L8RQ7QfCMy5iy+cYp6GucDqEsVAI+K9HEbb/mjcKERXt2u21fPn1bAj1ibvOo46zTEtRlGUB+0/8gRvjk41TGmDRAlku3yA2qcJk0WFzv0Bs3NenHUI9XvN1sfmD4w6JOhVk0PpJ7fh6Hv684B7n+F+pxiNlynVPRHbg9NjnK+A7nocE9XnxgJF9Z+hRpke1CVwzL andersen@andersen-Inspiron-15-3567",
            "tags": null,
            "tags_all": {}
          },
          "sensitive_attributes": [],
          "private": "eyJzY2hlbWFfdmVyc2lvbiI6IjEifQ=="
        }
      ]
    },
    {
      "mode": "managed",
      "type": "aws_route_table",
      "name": "prod-public-crt",
      "provider": "provider[\"registry.terraform.io/hashicorp/aws\"]",
      "instances": [
        {
          "schema_version": 0,
          "attributes": {
            "arn": "arn:aws:ec2:us-east-1:456962030521:route-table/rtb-0fb3eadd27dff5bfb",
            "id": "rtb-0fb3eadd27dff5bfb",
            "owner_id": "456962030521",
            "propagating_vgws": [],
            "route": [
              {
                "carrier_gateway_id": "",
                "cidr_block": "0.0.0.0/0",
                "core_network_arn": "",
                "destination_prefix_list_id": "",
                "egress_only_gateway_id": "",
                "gateway_id": "igw-02bdab98f52bef99a",
                "instance_id": "",
                "ipv6_cidr_block": "",
                "local_gateway_id": "",
                "nat_gateway_id": "",
                "network_interface_id": "",
                "transit_gateway_id": "",
                "vpc_endpoint_id": "",
                "vpc_peering_connection_id": ""
              }
            ],
            "tags": null,
            "tags_all": {},
            "timeouts": null,
            "vpc_id": "vpc-06f36f53b56339bd6"
          },
          "sensitive_attributes": [],
          "private": "eyJlMmJmYjczMC1lY2FhLTExZTYtOGY4OC0zNDM2M2JjN2M0YzAiOnsiY3JlYXRlIjozMDAwMDAwMDAwMDAsImRlbGV0ZSI6MzAwMDAwMDAwMDAwLCJ1cGRhdGUiOjEyMDAwMDAwMDAwMH19",
          "dependencies": [
            "aws_internet_gateway.prod-igw",
            "aws_vpc.prod-vpc"
          ]
        }
      ]
    },
    {
      "mode": "managed",
      "type": "aws_route_table_association",
      "name": "prod-crta-public-subnet-1",
      "provider": "provider[\"registry.terraform.io/hashicorp/aws\"]",
      "instances": [
        {
          "schema_version": 0,
          "attributes": {
            "gateway_id": "",
            "id": "rtbassoc-083a9e207a178f289",
            "route_table_id": "rtb-0fb3eadd27dff5bfb",
            "subnet_id": "subnet-004493a01036569e8"
          },
          "sensitive_attributes": [],
          "private": "bnVsbA==",
          "dependencies": [
            "aws_internet_gateway.prod-igw",
            "aws_route_table.prod-public-crt",
            "aws_subnet.prod-subnet-public-1",
            "aws_vpc.prod-vpc"
          ]
        }
      ]
    },
    {
      "mode": "managed",
      "type": "aws_security_group",
      "name": "RDS_allow_rule",
      "provider": "provider[\"registry.terraform.io/hashicorp/aws\"]",
      "instances": [
        {
          "schema_version": 1,
          "attributes": {
            "arn": "arn:aws:ec2:us-east-1:456962030521:security-group/sg-0c36cdcf52048c727",
            "description": "Managed by Terraform",
            "egress": [
              {
                "cidr_blocks": [
                  "0.0.0.0/0"
                ],
                "description": "",
                "from_port": 0,
                "ipv6_cidr_blocks": [],
                "prefix_list_ids": [],
                "protocol": "-1",
                "security_groups": [],
                "self": false,
                "to_port": 0
              }
            ],
            "id": "sg-0c36cdcf52048c727",
            "ingress": [
              {
                "cidr_blocks": [],
                "description": "",
                "from_port": 3306,
                "ipv6_cidr_blocks": [],
                "prefix_list_ids": [],
                "protocol": "tcp",
                "security_groups": [
                  "sg-047252cd8921dc961"
                ],
                "self": false,
                "to_port": 3306
              }
            ],
            "name": "terraform-20240205022939436900000003",
            "name_prefix": "terraform-",
            "owner_id": "456962030521",
            "revoke_rules_on_delete": false,
            "tags": {
              "Name": "allow ec2"
            },
            "tags_all": {
              "Name": "allow ec2"
            },
            "timeouts": null,
            "vpc_id": "vpc-06f36f53b56339bd6"
          },
          "sensitive_attributes": [],
          "private": "eyJlMmJmYjczMC1lY2FhLTExZTYtOGY4OC0zNDM2M2JjN2M0YzAiOnsiY3JlYXRlIjo2MDAwMDAwMDAwMDAsImRlbGV0ZSI6OTAwMDAwMDAwMDAwfSwic2NoZW1hX3ZlcnNpb24iOiIxIn0=",
          "dependencies": [
            "aws_security_group.ec2_allow_rule",
            "aws_vpc.prod-vpc"
          ]
        }
      ]
    },
    {
      "mode": "managed",
      "type": "aws_security_group",
      "name": "ec2_allow_rule",
      "provider": "provider[\"registry.terraform.io/hashicorp/aws\"]",
      "instances": [
        {
          "schema_version": 1,
          "attributes": {
            "arn": "arn:aws:ec2:us-east-1:456962030521:security-group/sg-047252cd8921dc961",
            "description": "Managed by Terraform",
            "egress": [
              {
                "cidr_blocks": [
                  "0.0.0.0/0"
                ],
                "description": "",
                "from_port": 0,
                "ipv6_cidr_blocks": [],
                "prefix_list_ids": [],
                "protocol": "-1",
                "security_groups": [],
                "self": false,
                "to_port": 0
              }
            ],
            "id": "sg-047252cd8921dc961",
            "ingress": [
              {
                "cidr_blocks": [
                  "0.0.0.0/0"
                ],
                "description": "HTTP",
                "from_port": 80,
                "ipv6_cidr_blocks": [],
                "prefix_list_ids": [],
                "protocol": "tcp",
                "security_groups": [],
                "self": false,
                "to_port": 80
              },
              {
                "cidr_blocks": [
                  "0.0.0.0/0"
                ],
                "description": "HTTPS",
                "from_port": 443,
                "ipv6_cidr_blocks": [],
                "prefix_list_ids": [],
                "protocol": "tcp",
                "security_groups": [],
                "self": false,
                "to_port": 443
              },
              {
                "cidr_blocks": [
                  "0.0.0.0/0"
                ],
                "description": "MYSQL/Aurora",
                "from_port": 3306,
                "ipv6_cidr_blocks": [],
                "prefix_list_ids": [],
                "protocol": "tcp",
                "security_groups": [],
                "self": false,
                "to_port": 3306
              },
              {
                "cidr_blocks": [
                  "0.0.0.0/0"
                ],
                "description": "SSH",
                "from_port": 22,
                "ipv6_cidr_blocks": [],
                "prefix_list_ids": [],
                "protocol": "tcp",
                "security_groups": [],
                "self": false,
                "to_port": 22
              }
            ],
            "name": "terraform-20240205022936002400000001",
            "name_prefix": "terraform-",
            "owner_id": "456962030521",
            "revoke_rules_on_delete": false,
            "tags": {
              "Name": "allow ssh,http,https"
            },
            "tags_all": {
              "Name": "allow ssh,http,https"
            },
            "timeouts": null,
            "vpc_id": "vpc-06f36f53b56339bd6"
          },
          "sensitive_attributes": [],
          "private": "eyJlMmJmYjczMC1lY2FhLTExZTYtOGY4OC0zNDM2M2JjN2M0YzAiOnsiY3JlYXRlIjo2MDAwMDAwMDAwMDAsImRlbGV0ZSI6OTAwMDAwMDAwMDAwfSwic2NoZW1hX3ZlcnNpb24iOiIxIn0=",
          "dependencies": [
            "aws_vpc.prod-vpc"
          ]
        }
      ]
    },
    {
      "mode": "managed",
      "type": "aws_subnet",
      "name": "prod-subnet-private-1",
      "provider": "provider[\"registry.terraform.io/hashicorp/aws\"]",
      "instances": [
        {
          "schema_version": 1,
          "attributes": {
            "arn": "arn:aws:ec2:us-east-1:456962030521:subnet/subnet-0b8688213bf330ee7",
            "assign_ipv6_address_on_creation": false,
            "availability_zone": "us-east-1b",
            "availability_zone_id": "use1-az6",
            "cidr_block": "10.0.2.0/24",
            "customer_owned_ipv4_pool": "",
            "enable_dns64": false,
            "enable_resource_name_dns_a_record_on_launch": false,
            "enable_resource_name_dns_aaaa_record_on_launch": false,
            "id": "subnet-0b8688213bf330ee7",
            "ipv6_cidr_block": "",
            "ipv6_cidr_block_association_id": "",
            "ipv6_native": false,
            "map_customer_owned_ip_on_launch": false,
            "map_public_ip_on_launch": false,
            "outpost_arn": "",
            "owner_id": "456962030521",
            "private_dns_hostname_type_on_launch": "ip-name",
            "tags": null,
            "tags_all": {},
            "timeouts": null,
            "vpc_id": "vpc-06f36f53b56339bd6"
          },
          "sensitive_attributes": [],
          "private": "eyJlMmJmYjczMC1lY2FhLTExZTYtOGY4OC0zNDM2M2JjN2M0YzAiOnsiY3JlYXRlIjo2MDAwMDAwMDAwMDAsImRlbGV0ZSI6MTIwMDAwMDAwMDAwMH0sInNjaGVtYV92ZXJzaW9uIjoiMSJ9",
          "dependencies": [
            "aws_vpc.prod-vpc"
          ]
        }
      ]
    },
    {
      "mode": "managed",
      "type": "aws_subnet",
      "name": "prod-subnet-private-2",
      "provider": "provider[\"registry.terraform.io/hashicorp/aws\"]",
      "instances": [
        {
          "schema_version": 1,
          "attributes": {
            "arn": "arn:aws:ec2:us-east-1:456962030521:subnet/subnet-0f63c0e111348ac28",
            "assign_ipv6_address_on_creation": false,
            "availability_zone": "us-east-1c",
            "availability_zone_id": "use1-az1",
            "cidr_block": "10.0.3.0/24",
            "customer_owned_ipv4_pool": "",
            "enable_dns64": false,
            "enable_resource_name_dns_a_record_on_launch": false,
            "enable_resource_name_dns_aaaa_record_on_launch": false,
            "id": "subnet-0f63c0e111348ac28",
            "ipv6_cidr_block": "",
            "ipv6_cidr_block_association_id": "",
            "ipv6_native": false,
            "map_customer_owned_ip_on_launch": false,
            "map_public_ip_on_launch": false,
            "outpost_arn": "",
            "owner_id": "456962030521",
            "private_dns_hostname_type_on_launch": "ip-name",
            "tags": null,
            "tags_all": {},
            "timeouts": null,
            "vpc_id": "vpc-06f36f53b56339bd6"
          },
          "sensitive_attributes": [],
          "private": "eyJlMmJmYjczMC1lY2FhLTExZTYtOGY4OC0zNDM2M2JjN2M0YzAiOnsiY3JlYXRlIjo2MDAwMDAwMDAwMDAsImRlbGV0ZSI6MTIwMDAwMDAwMDAwMH0sInNjaGVtYV92ZXJzaW9uIjoiMSJ9",
          "dependencies": [
            "aws_vpc.prod-vpc"
          ]
        }
      ]
    },
    {
      "mode": "managed",
      "type": "aws_subnet",
      "name": "prod-subnet-public-1",
      "provider": "provider[\"registry.terraform.io/hashicorp/aws\"]",
      "instances": [
        {
          "schema_version": 1,
          "attributes": {
            "arn": "arn:aws:ec2:us-east-1:456962030521:subnet/subnet-004493a01036569e8",
            "assign_ipv6_address_on_creation": false,
            "availability_zone": "us-east-1a",
            "availability_zone_id": "use1-az4",
            "cidr_block": "10.0.1.0/24",
            "customer_owned_ipv4_pool": "",
            "enable_dns64": false,
            "enable_resource_name_dns_a_record_on_launch": false,
            "enable_resource_name_dns_aaaa_record_on_launch": false,
            "id": "subnet-004493a01036569e8",
            "ipv6_cidr_block": "",
            "ipv6_cidr_block_association_id": "",
            "ipv6_native": false,
            "map_customer_owned_ip_on_launch": false,
            "map_public_ip_on_launch": true,
            "outpost_arn": "",
            "owner_id": "456962030521",
            "private_dns_hostname_type_on_launch": "ip-name",
            "tags": null,
            "tags_all": {},
            "timeouts": null,
            "vpc_id": "vpc-06f36f53b56339bd6"
          },
          "sensitive_attributes": [],
          "private": "eyJlMmJmYjczMC1lY2FhLTExZTYtOGY4OC0zNDM2M2JjN2M0YzAiOnsiY3JlYXRlIjo2MDAwMDAwMDAwMDAsImRlbGV0ZSI6MTIwMDAwMDAwMDAwMH0sInNjaGVtYV92ZXJzaW9uIjoiMSJ9",
          "dependencies": [
            "aws_vpc.prod-vpc"
          ]
        }
      ]
    },
    {
      "mode": "managed",
      "type": "aws_vpc",
      "name": "prod-vpc",
      "provider": "provider[\"registry.terraform.io/hashicorp/aws\"]",
      "instances": [
        {
          "schema_version": 1,
          "attributes": {
            "arn": "arn:aws:ec2:us-east-1:456962030521:vpc/vpc-06f36f53b56339bd6",
            "assign_generated_ipv6_cidr_block": false,
            "cidr_block": "10.0.0.0/16",
            "default_network_acl_id": "acl-0809d86ec917edc9f",
            "default_route_table_id": "rtb-06d56eda9c367afa1",
            "default_security_group_id": "sg-036516009e59663c0",
            "dhcp_options_id": "dopt-0173608608bb9b90a",
            "enable_classiclink": false,
            "enable_classiclink_dns_support": false,
            "enable_dns_hostnames": true,
            "enable_dns_support": true,
            "id": "vpc-06f36f53b56339bd6",
            "instance_tenancy": "default",
            "ipv4_ipam_pool_id": null,
            "ipv4_netmask_length": null,
            "ipv6_association_id": "",
            "ipv6_cidr_block": "",
            "ipv6_cidr_block_network_border_group": "",
            "ipv6_ipam_pool_id": "",
            "ipv6_netmask_length": 0,
            "main_route_table_id": "rtb-06d56eda9c367afa1",
            "owner_id": "456962030521",
            "tags": null,
            "tags_all": {}
          },
          "sensitive_attributes": [],
          "private": "eyJzY2hlbWFfdmVyc2lvbiI6IjEifQ=="
        }
      ]
    },
    {
      "mode": "managed",
      "type": "local_file",
      "name": "dados-rds-file",
      "provider": "provider[\"registry.terraform.io/hashicorp/local\"]",
      "instances": [
        {
          "schema_version": 0,
          "attributes": {
            "content": "AUTH_KEY: 55}a.|]~J_\u0026xqy1Tzj+EKIAb^%+u_-LWj4vT-.8=!;-./|z*Fg/G:K1-|+BTpX!Y\nSECURE_AUTH_KEY: oQ2)!(LISKscS*3{Z_\u003cj]BC apv$vUyUhf*{:zasJ\u0026q4g@PXLl0E!^*pt7\u003e-Ld[-\nLOGGED_IN_KEY: HE|mip}vngoev~U$P2H:2,l(Q=GF+cUl+n6tzkb[YV1`[dui3S0o]jE-\u003evJWXN|]\nNONCE_KEY: MD!{U}w]\u003c{^{Rcm?swml8rLFO.kApT:ur aQyCdR:@,iBrvld+\u003cC!(q+}(6~JBSe\nAUTH_SALT: Q\u003cDd7H~HYRM-]?K[4u3\u0026ijr:d{IS1cbiD#+yygZg[q/0p/h!#|4iA}[!pT[2K3Ss\nSECURE_AUTH_SALT: veu@M0O;\u003cCcO$6hyY}+zRD;Pm?}+Pm+H!4X|fJU:,7A{3w?S#f|G+!HeRFX\u003cN7\u003eK\nLOGGED_IN_SALT: f43|CIfH`=m3HK)q^dzBbZE,6b azb@hdQ#P\u003cj5%hfmpmeL_Qq3l~9,]\u003cZM]KcB)\nNONCE_SALT: )u\u003cZ=tMMGs-miQo1XHF\u0026p\u003c[X8W`|#d+v 7H6~T9r TJ0R+CxIc-^DDS3Q#\u003euIHOF\n\n#root_password: \"root\"\n#\n#user_name: \"wordpressuser\"\n#user_pass: \"wordpresspass\"\n#db_name: \"wordpress\"\n\ndb_name: wordpress_db\ndb_host: terraform-20240205022942388200000004.cqygjnfepyaz.us-east-1.rds.amazonaws.com:3306\ndb_username: wordpress_user\ndb_password: PassWord4-user\n\nmysql_port: 3306",
            "content_base64": null,
            "content_base64sha256": "0+6VV/AetSZRMfbmVdqXtSK1/2YkLWA+pTLXbq9+OGQ=",
            "content_base64sha512": "lWbV5d52mrtGbHmU4DV3wLit1oLB4MpR5eCWLC+XCg1sMp+BK03DxmfRThNG/DtZyLHslC+ubCR8jGakP+fQTA==",
            "content_md5": "9af20e8cec2b9d65cd5a75d38d9223b6",
            "content_sha1": "40744cdece291af3f9aaa276d839f4244e6fd00f",
            "content_sha256": "d3ee9557f01eb5265131f6e655da97b522b5ff66242d603ea532d76eaf7e3864",
            "content_sha512": "9566d5e5de769abb466c7994e03577c0b8add682c1e0ca51e5e0962c2f970a0d6c329f812b4dc3c667d14e1346fc3b59c8b1ec942fae6c247c8c66a43fe7d04c",
            "directory_permission": "0777",
            "file_permission": "0777",
            "filename": "./galaxy/group_vars/all.yaml",
            "id": "40744cdece291af3f9aaa276d839f4244e6fd00f",
            "sensitive_content": null,
            "source": null
          },
          "sensitive_attributes": [],
          "dependencies": [
            "aws_db_instance.wordpressdb",
            "aws_db_subnet_group.RDS_subnet_grp",
            "aws_eip.eip",
            "aws_instance.wordpressec2",
            "aws_security_group.RDS_allow_rule",
            "aws_security_group.ec2_allow_rule",
            "aws_subnet.prod-subnet-private-1",
            "aws_subnet.prod-subnet-private-2",
            "aws_subnet.prod-subnet-public-1",
            "aws_vpc.prod-vpc",
            "data.template_file.dados-rds"
          ]
        }
      ]
    },
    {
      "mode": "managed",
      "type": "local_file",
      "name": "hosts-correto-file",
      "provider": "provider[\"registry.terraform.io/hashicorp/local\"]",
      "instances": [
        {
          "schema_version": 0,
          "attributes": {
            "content": "[all]\n54.204.59.38\n\n[localhost]\n54.204.59.38",
            "content_base64": null,
            "content_base64sha256": "KPruQTvt2Mz/h1Qj902QV1JvHlgjQDJdcIyX3gFD7vM=",
            "content_base64sha512": "ygkuUeJBvlesv86j/tnvK/4nZTwVpw+ecMgyQF8OC0Uugi8Ukl113QGfFM2Dsi0mtONptFIMWsUGS97g5WZsCw==",
            "content_md5": "1545d642315e9c67839194a0021ad624",
            "content_sha1": "a80285a1ae9fda2bd04a070d8fdce5a14b7d6205",
            "content_sha256": "28faee413bedd8ccff875423f74d9057526f1e582340325d708c97de0143eef3",
            "content_sha512": "ca092e51e241be57acbfcea3fed9ef2bfe27653c15a70f9e70c832405f0e0b452e822f14925d75dd019f14cd83b22d26b4e369b4520c5ac5064bdee0e5666c0b",
            "directory_permission": "0777",
            "file_permission": "0777",
            "filename": "./galaxy/hosts.ini",
            "id": "a80285a1ae9fda2bd04a070d8fdce5a14b7d6205",
            "sensitive_content": null,
            "source": null
          },
          "sensitive_attributes": [],
          "dependencies": [
            "aws_db_instance.wordpressdb",
            "aws_db_subnet_group.RDS_subnet_grp",
            "aws_eip.eip",
            "aws_instance.wordpressec2",
            "aws_security_group.RDS_allow_rule",
            "aws_security_group.ec2_allow_rule",
            "aws_subnet.prod-subnet-private-1",
            "aws_subnet.prod-subnet-private-2",
            "aws_subnet.prod-subnet-public-1",
            "aws_vpc.prod-vpc",
            "data.template_file.hosts-correto"
          ]
        }
      ]
    },
    {
      "mode": "managed",
      "type": "null_resource",
      "name": "Wordpress_Installation_Waiting",
      "provider": "provider[\"registry.terraform.io/hashicorp/null\"]",
      "instances": [
        {
          "schema_version": 0,
          "attributes": {
            "id": "2508430589251279409",
            "triggers": {
              "ec2_id": "i-016ce085271183b71",
              "rds_endpoint": "terraform-20240205022942388200000004.cqygjnfepyaz.us-east-1.rds.amazonaws.com:3306"
            }
          },
          "sensitive_attributes": [],
          "private": "bnVsbA==",
          "dependencies": [
            "aws_db_instance.wordpressdb",
            "aws_db_subnet_group.RDS_subnet_grp",
            "aws_instance.wordpressec2",
            "aws_security_group.RDS_allow_rule",
            "aws_security_group.ec2_allow_rule",
            "aws_subnet.prod-subnet-private-1",
            "aws_subnet.prod-subnet-private-2",
            "aws_subnet.prod-subnet-public-1",
            "aws_vpc.prod-vpc"
          ]
        }
      ]
    }
  ],
  "check_results": null
}
