{
  "version": 4,
  "terraform_version": "1.7.4",
  "serial": 20,
  "lineage": "93af4eec-6b7f-05ac-1365-53ddb7638798",
  "outputs": {
    "INFO": {
      "value": "AWS Resources and Wordpress has been provisioned. Go to http://52.70.142.104",
      "type": "string"
    },
    "IP": {
      "value": "52.70.142.104",
      "type": "string"
    },
    "RDS-Endpoint": {
      "value": "terraform-20240225034706326400000005.cqygjnfepyaz.us-east-1.rds.amazonaws.com:3306",
      "type": "string"
    }
  },
  "resources": [
    {
      "mode": "data",
      "type": "template_file",
      "name": "dados-rds",
      "provider": "provider[\"registry.terraform.io/hashicorp/template\"]",
      "instances": [
        {
          "schema_version": 0,
          "attributes": {
            "filename": null,
            "id": "8bcb445871fd716a9b016aaed85c714ef83bec15d27a273d30bb2840797e6227",
            "rendered": "AUTH_KEY: 55}a.|]~J_\u0026xqy1Tzj+EKIAb^%+u_-LWj4vT-.8=!;-./|z*Fg/G:K1-|+BTpX!Y\nSECURE_AUTH_KEY: oQ2)!(LISKscS*3{Z_\u003cj]BC apv$vUyUhf*{:zasJ\u0026q4g@PXLl0E!^*pt7\u003e-Ld[-\nLOGGED_IN_KEY: HE|mip}vngoev~U$P2H:2,l(Q=GF+cUl+n6tzkb[YV1`[dui3S0o]jE-\u003evJWXN|]\nNONCE_KEY: MD!{U}w]\u003c{^{Rcm?swml8rLFO.kApT:ur aQyCdR:@,iBrvld+\u003cC!(q+}(6~JBSe\nAUTH_SALT: Q\u003cDd7H~HYRM-]?K[4u3\u0026ijr:d{IS1cbiD#+yygZg[q/0p/h!#|4iA}[!pT[2K3Ss\nSECURE_AUTH_SALT: veu@M0O;\u003cCcO$6hyY}+zRD;Pm?}+Pm+H!4X|fJU:,7A{3w?S#f|G+!HeRFX\u003cN7\u003eK\nLOGGED_IN_SALT: f43|CIfH`=m3HK)q^dzBbZE,6b azb@hdQ#P\u003cj5%hfmpmeL_Qq3l~9,]\u003cZM]KcB)\nNONCE_SALT: )u\u003cZ=tMMGs-miQo1XHF\u0026p\u003c[X8W`|#d+v 7H6~T9r TJ0R+CxIc-^DDS3Q#\u003euIHOF\n\nsites_path: \"/var/www/http_host\"\n\ndomain_name: wp.com\napp_name: wordpress\nphp_fpm_sock: /run/php/php-fpm.sock\n\ndb_name: wordpress_db\ndb_host: terraform-20240225034706326400000005.cqygjnfepyaz.us-east-1.rds.amazonaws.com:3306\ndb_username: wordpress_user\ndb_password: PassWord4-user\n\nmysql_port: 3306",
            "template": "AUTH_KEY: 55}a.|]~J_\u0026xqy1Tzj+EKIAb^%+u_-LWj4vT-.8=!;-./|z*Fg/G:K1-|+BTpX!Y\nSECURE_AUTH_KEY: oQ2)!(LISKscS*3{Z_\u003cj]BC apv$vUyUhf*{:zasJ\u0026q4g@PXLl0E!^*pt7\u003e-Ld[-\nLOGGED_IN_KEY: HE|mip}vngoev~U$P2H:2,l(Q=GF+cUl+n6tzkb[YV1`[dui3S0o]jE-\u003evJWXN|]\nNONCE_KEY: MD!{U}w]\u003c{^{Rcm?swml8rLFO.kApT:ur aQyCdR:@,iBrvld+\u003cC!(q+}(6~JBSe\nAUTH_SALT: Q\u003cDd7H~HYRM-]?K[4u3\u0026ijr:d{IS1cbiD#+yygZg[q/0p/h!#|4iA}[!pT[2K3Ss\nSECURE_AUTH_SALT: veu@M0O;\u003cCcO$6hyY}+zRD;Pm?}+Pm+H!4X|fJU:,7A{3w?S#f|G+!HeRFX\u003cN7\u003eK\nLOGGED_IN_SALT: f43|CIfH`=m3HK)q^dzBbZE,6b azb@hdQ#P\u003cj5%hfmpmeL_Qq3l~9,]\u003cZM]KcB)\nNONCE_SALT: )u\u003cZ=tMMGs-miQo1XHF\u0026p\u003c[X8W`|#d+v 7H6~T9r TJ0R+CxIc-^DDS3Q#\u003euIHOF\n\nsites_path: \"/var/www/http_host\"\n\ndomain_name: wp.com\napp_name: wordpress\nphp_fpm_sock: /run/php/php-fpm.sock\n\ndb_name: ${db_name_wp}\ndb_host: ${db_RDS}\ndb_username: ${db_username}\ndb_password: ${db_user_password}\n\nmysql_port: 3306",
            "vars": {
              "db_RDS": "terraform-20240225034706326400000005.cqygjnfepyaz.us-east-1.rds.amazonaws.com:3306",
              "db_name_wp": "wordpress_db",
              "db_user_password": "PassWord4-user",
              "db_username": "wordpress_user",
              "ip_servidor": "52.70.142.104"
            }
          },
          "sensitive_attributes": []
        }
      ]
    },
    {
      "mode": "data",
      "type": "template_file",
      "name": "hosts-correto",
      "provider": "provider[\"registry.terraform.io/hashicorp/template\"]",
      "instances": [
        {
          "schema_version": 0,
          "attributes": {
            "filename": null,
            "id": "c7993b800cdf77841ddead19121644b5c9db130a1bc30491bb608c4e0d8d1c5b",
            "rendered": "[all]\n52.70.142.104\n\n[localhost]\n52.70.142.104",
            "template": "[all]\n${ip_servidor}\n\n[localhost]\n${ip_servidor}",
            "vars": {
              "ip_servidor": "52.70.142.104"
            }
          },
          "sensitive_attributes": []
        }
      ]
    },
    {
      "mode": "managed",
      "type": "aws_db_instance",
      "name": "wordpressdb",
      "provider": "provider[\"registry.terraform.io/hashicorp/aws\"]",
      "instances": [
        {
          "schema_version": 2,
          "attributes": {
            "address": "terraform-20240225034706326400000005.cqygjnfepyaz.us-east-1.rds.amazonaws.com",
            "allocated_storage": 20,
            "allow_major_version_upgrade": null,
            "apply_immediately": false,
            "arn": "arn:aws:rds:us-east-1:456962030521:db:terraform-20240225034706326400000005",
            "auto_minor_version_upgrade": true,
            "availability_zone": "us-east-1b",
            "backup_retention_period": 0,
            "backup_target": "region",
            "backup_window": "09:05-09:35",
            "blue_green_update": [],
            "ca_cert_identifier": "rds-ca-rsa2048-g1",
            "character_set_name": "",
            "copy_tags_to_snapshot": false,
            "custom_iam_instance_profile": "",
            "customer_owned_ip_enabled": false,
            "db_name": "wordpress_db",
            "db_subnet_group_name": "terraform-20240225034701382600000002",
            "delete_automated_backups": true,
            "deletion_protection": false,
            "domain": "",
            "domain_auth_secret_arn": "",
            "domain_dns_ips": null,
            "domain_fqdn": "",
            "domain_iam_role_name": "",
            "domain_ou": "",
            "enabled_cloudwatch_logs_exports": null,
            "endpoint": "terraform-20240225034706326400000005.cqygjnfepyaz.us-east-1.rds.amazonaws.com:3306",
            "engine": "mysql",
            "engine_version": "5.7",
            "engine_version_actual": "5.7.44",
            "final_snapshot_identifier": null,
            "hosted_zone_id": "Z2R2ITUGPM61AM",
            "iam_database_authentication_enabled": false,
            "id": "db-EDIJIWCFDGDTGFHM2OUNARJQWM",
            "identifier": "terraform-20240225034706326400000005",
            "identifier_prefix": "terraform-",
            "instance_class": "db.t3.micro",
            "iops": 0,
            "kms_key_id": "",
            "latest_restorable_time": "",
            "license_model": "general-public-license",
            "listener_endpoint": [],
            "maintenance_window": "wed:03:14-wed:03:44",
            "manage_master_user_password": null,
            "master_user_secret": [],
            "master_user_secret_kms_key_id": null,
            "max_allocated_storage": 0,
            "monitoring_interval": 0,
            "monitoring_role_arn": "",
            "multi_az": false,
            "nchar_character_set_name": "",
            "network_type": "IPV4",
            "option_group_name": "default:mysql-5-7",
            "parameter_group_name": "default.mysql5.7",
            "password": "PassWord4-user",
            "performance_insights_enabled": false,
            "performance_insights_kms_key_id": "",
            "performance_insights_retention_period": 0,
            "port": 3306,
            "publicly_accessible": false,
            "replica_mode": "",
            "replicas": [],
            "replicate_source_db": "",
            "resource_id": "db-EDIJIWCFDGDTGFHM2OUNARJQWM",
            "restore_to_point_in_time": [],
            "s3_import": [],
            "skip_final_snapshot": true,
            "snapshot_identifier": null,
            "status": "available",
            "storage_encrypted": false,
            "storage_throughput": 0,
            "storage_type": "gp2",
            "tags": null,
            "tags_all": {},
            "timeouts": null,
            "timezone": "",
            "username": "wordpress_user",
            "vpc_security_group_ids": [
              "sg-009fd8b0e87d08268"
            ]
          },
          "sensitive_attributes": [],
          "private": "eyJlMmJmYjczMC1lY2FhLTExZTYtOGY4OC0zNDM2M2JjN2M0YzAiOnsiY3JlYXRlIjoyNDAwMDAwMDAwMDAwLCJkZWxldGUiOjM2MDAwMDAwMDAwMDAsInVwZGF0ZSI6NDgwMDAwMDAwMDAwMH0sInNjaGVtYV92ZXJzaW9uIjoiMiJ9",
          "dependencies": [
            "aws_db_subnet_group.RDS_subnet_grp",
            "aws_security_group.RDS_allow_rule",
            "aws_security_group.ec2_allow_rule",
            "aws_subnet.prod-subnet-private-1",
            "aws_subnet.prod-subnet-private-2",
            "aws_vpc.prod-vpc"
          ]
        }
      ]
    },
    {
      "mode": "managed",
      "type": "aws_db_subnet_group",
      "name": "RDS_subnet_grp",
      "provider": "provider[\"registry.terraform.io/hashicorp/aws\"]",
      "instances": [
        {
          "schema_version": 0,
          "attributes": {
            "arn": "arn:aws:rds:us-east-1:456962030521:subgrp:terraform-20240225034701382600000002",
            "description": "Managed by Terraform",
            "id": "terraform-20240225034701382600000002",
            "name": "terraform-20240225034701382600000002",
            "name_prefix": "terraform-",
            "subnet_ids": [
              "subnet-04a8e5655605f33b3",
              "subnet-0cfa2e47b611cbf53"
            ],
            "supported_network_types": [
              "IPV4"
            ],
            "tags": null,
            "tags_all": {},
            "vpc_id": "vpc-03cebbd6f5d6ffc7d"
          },
          "sensitive_attributes": [],
          "private": "bnVsbA==",
          "dependencies": [
            "aws_subnet.prod-subnet-private-1",
            "aws_subnet.prod-subnet-private-2",
            "aws_vpc.prod-vpc"
          ]
        }
      ]
    },
    {
      "mode": "managed",
      "type": "aws_eip",
      "name": "eip",
      "provider": "provider[\"registry.terraform.io/hashicorp/aws\"]",
      "instances": [
        {
          "schema_version": 0,
          "attributes": {
            "address": null,
            "allocation_id": "eipalloc-0b395327d7f028236",
            "associate_with_private_ip": null,
            "association_id": "eipassoc-0b1ea763536a32c5d",
            "carrier_ip": "",
            "customer_owned_ip": "",
            "customer_owned_ipv4_pool": "",
            "domain": "vpc",
            "id": "eipalloc-0b395327d7f028236",
            "instance": "i-0a6e0860f944aa85c",
            "network_border_group": "us-east-1",
            "network_interface": "eni-0d4b3d1d9489e85c0",
            "private_dns": "ip-10-0-1-58.ec2.internal",
            "private_ip": "10.0.1.58",
            "public_dns": "ec2-52-70-142-104.compute-1.amazonaws.com",
            "public_ip": "52.70.142.104",
            "public_ipv4_pool": "amazon",
            "tags": null,
            "tags_all": {},
            "timeouts": null,
            "vpc": true
          },
          "sensitive_attributes": [],
          "private": "eyJlMmJmYjczMC1lY2FhLTExZTYtOGY4OC0zNDM2M2JjN2M0YzAiOnsiZGVsZXRlIjoxODAwMDAwMDAwMDAsInJlYWQiOjkwMDAwMDAwMDAwMCwidXBkYXRlIjozMDAwMDAwMDAwMDB9fQ==",
          "dependencies": [
            "aws_db_instance.wordpressdb",
            "aws_db_subnet_group.RDS_subnet_grp",
            "aws_instance.wordpressec2",
            "aws_security_group.RDS_allow_rule",
            "aws_security_group.ec2_allow_rule",
            "aws_subnet.prod-subnet-private-1",
            "aws_subnet.prod-subnet-private-2",
            "aws_subnet.prod-subnet-public-1",
            "aws_vpc.prod-vpc"
          ]
        }
      ]
    },
    {
      "mode": "managed",
      "type": "aws_instance",
      "name": "wordpressec2",
      "provider": "provider[\"registry.terraform.io/hashicorp/aws\"]",
      "instances": [
        {
          "schema_version": 1,
          "attributes": {
            "ami": "ami-053b0d53c279acc90",
            "arn": "arn:aws:ec2:us-east-1:456962030521:instance/i-0a6e0860f944aa85c",
            "associate_public_ip_address": true,
            "availability_zone": "us-east-1a",
            "capacity_reservation_specification": [
              {
                "capacity_reservation_preference": "open",
                "capacity_reservation_target": []
              }
            ],
            "cpu_core_count": 1,
            "cpu_options": [
              {
                "amd_sev_snp": "",
                "core_count": 1,
                "threads_per_core": 1
              }
            ],
            "cpu_threads_per_core": 1,
            "credit_specification": [
              {
                "cpu_credits": "standard"
              }
            ],
            "disable_api_stop": false,
            "disable_api_termination": false,
            "ebs_block_device": [],
            "ebs_optimized": false,
            "enclave_options": [
              {
                "enabled": false
              }
            ],
            "ephemeral_block_device": [],
            "get_password_data": false,
            "hibernation": false,
            "host_id": "",
            "host_resource_group_arn": null,
            "iam_instance_profile": "",
            "id": "i-0a6e0860f944aa85c",
            "instance_initiated_shutdown_behavior": "stop",
            "instance_lifecycle": "",
            "instance_market_options": [],
            "instance_state": "running",
            "instance_type": "t2.micro",
            "ipv6_address_count": 0,
            "ipv6_addresses": [],
            "key_name": "chave-ansible",
            "launch_template": [],
            "maintenance_options": [
              {
                "auto_recovery": "default"
              }
            ],
            "metadata_options": [
              {
                "http_endpoint": "enabled",
                "http_protocol_ipv6": "disabled",
                "http_put_response_hop_limit": 1,
                "http_tokens": "optional",
                "instance_metadata_tags": "disabled"
              }
            ],
            "monitoring": false,
            "network_interface": [],
            "outpost_arn": "",
            "password_data": "",
            "placement_group": "",
            "placement_partition_number": 0,
            "primary_network_interface_id": "eni-0d4b3d1d9489e85c0",
            "private_dns": "ip-10-0-1-58.ec2.internal",
            "private_dns_name_options": [
              {
                "enable_resource_name_dns_a_record": false,
                "enable_resource_name_dns_aaaa_record": false,
                "hostname_type": "ip-name"
              }
            ],
            "private_ip": "10.0.1.58",
            "public_dns": "ec2-50-19-134-54.compute-1.amazonaws.com",
            "public_ip": "50.19.134.54",
            "root_block_device": [
              {
                "delete_on_termination": true,
                "device_name": "/dev/sda1",
                "encrypted": false,
                "iops": 100,
                "kms_key_id": "",
                "tags": {},
                "throughput": 0,
                "volume_id": "vol-057c0f2d070033dd4",
                "volume_size": 8,
                "volume_type": "gp2"
              }
            ],
            "secondary_private_ips": [],
            "security_groups": [],
            "source_dest_check": true,
            "spot_instance_request_id": "",
            "subnet_id": "subnet-05ec82e249d177a12",
            "tags": {
              "Name": "Wordpress.web"
            },
            "tags_all": {
              "Name": "Wordpress.web"
            },
            "tenancy": "default",
            "timeouts": null,
            "user_data": null,
            "user_data_base64": null,
            "user_data_replace_on_change": false,
            "volume_tags": null,
            "vpc_security_group_ids": [
              "sg-009e3ec9a28dc816b"
            ]
          },
          "sensitive_attributes": [],
          "private": "eyJlMmJmYjczMC1lY2FhLTExZTYtOGY4OC0zNDM2M2JjN2M0YzAiOnsiY3JlYXRlIjo2MDAwMDAwMDAwMDAsImRlbGV0ZSI6MTIwMDAwMDAwMDAwMCwidXBkYXRlIjo2MDAwMDAwMDAwMDB9LCJzY2hlbWFfdmVyc2lvbiI6IjEifQ==",
          "dependencies": [
            "aws_db_instance.wordpressdb",
            "aws_db_subnet_group.RDS_subnet_grp",
            "aws_security_group.RDS_allow_rule",
            "aws_security_group.ec2_allow_rule",
            "aws_subnet.prod-subnet-private-1",
            "aws_subnet.prod-subnet-private-2",
            "aws_subnet.prod-subnet-public-1",
            "aws_vpc.prod-vpc"
          ]
        }
      ]
    },
    {
      "mode": "managed",
      "type": "aws_internet_gateway",
      "name": "prod-igw",
      "provider": "provider[\"registry.terraform.io/hashicorp/aws\"]",
      "instances": [
        {
          "schema_version": 0,
          "attributes": {
            "arn": "arn:aws:ec2:us-east-1:456962030521:internet-gateway/igw-0beaf340e51f020e6",
            "id": "igw-0beaf340e51f020e6",
            "owner_id": "456962030521",
            "tags": null,
            "tags_all": {},
            "timeouts": null,
            "vpc_id": "vpc-03cebbd6f5d6ffc7d"
          },
          "sensitive_attributes": [],
          "private": "eyJlMmJmYjczMC1lY2FhLTExZTYtOGY4OC0zNDM2M2JjN2M0YzAiOnsiY3JlYXRlIjoxMjAwMDAwMDAwMDAwLCJkZWxldGUiOjEyMDAwMDAwMDAwMDAsInVwZGF0ZSI6MTIwMDAwMDAwMDAwMH19",
          "dependencies": [
            "aws_vpc.prod-vpc"
          ]
        }
      ]
    },
    {
      "mode": "managed",
      "type": "aws_key_pair",
      "name": "chave-ansible",
      "provider": "provider[\"registry.terraform.io/hashicorp/aws\"]",
      "instances": [
        {
          "schema_version": 1,
          "attributes": {
            "arn": "arn:aws:ec2:us-east-1:456962030521:key-pair/chave-ansible",
            "fingerprint": "e2:a1:ea:24:ce:bf:0f:ab:e8:97:7e:6e:84:29:bd:09",
            "id": "chave-ansible",
            "key_name": "chave-ansible",
            "key_name_prefix": "",
            "key_pair_id": "key-0e594f787bd0674cb",
            "key_type": "rsa",
            "public_key": "ssh-rsa AAAAB3NzaC1yc2EAAAADAQABAAABAQDOklcQzHV2h8TMwUp96Ke0ryT6m1iaOrGsJMeO0tnuIyMdl8P5rs46PnpQy7KP8OPTaLL/xropHprTMBT8khdWsaNCpp1CqxVcdl0Z8Q8kynSxcJMVytfAsPVimGOfXJvmdb34MvQtpL9bJv5L8RQ7QfCMy5iy+cYp6GucDqEsVAI+K9HEbb/mjcKERXt2u21fPn1bAj1ibvOo46zTEtRlGUB+0/8gRvjk41TGmDRAlku3yA2qcJk0WFzv0Bs3NenHUI9XvN1sfmD4w6JOhVk0PpJ7fh6Hv684B7n+F+pxiNlynVPRHbg9NjnK+A7nocE9XnxgJF9Z+hRpke1CVwzL andersen@andersen-Inspiron-15-3567",
            "tags": null,
            "tags_all": {}
          },
          "sensitive_attributes": [],
          "private": "eyJzY2hlbWFfdmVyc2lvbiI6IjEifQ=="
        }
      ]
    },
    {
      "mode": "managed",
      "type": "aws_route_table",
      "name": "prod-public-crt",
      "provider": "provider[\"registry.terraform.io/hashicorp/aws\"]",
      "instances": [
        {
          "schema_version": 0,
          "attributes": {
            "arn": "arn:aws:ec2:us-east-1:456962030521:route-table/rtb-05bc9e841cf677ac9",
            "id": "rtb-05bc9e841cf677ac9",
            "owner_id": "456962030521",
            "propagating_vgws": [],
            "route": [
              {
                "carrier_gateway_id": "",
                "cidr_block": "0.0.0.0/0",
                "core_network_arn": "",
                "destination_prefix_list_id": "",
                "egress_only_gateway_id": "",
                "gateway_id": "igw-0beaf340e51f020e6",
                "ipv6_cidr_block": "",
                "local_gateway_id": "",
                "nat_gateway_id": "",
                "network_interface_id": "",
                "transit_gateway_id": "",
                "vpc_endpoint_id": "",
                "vpc_peering_connection_id": ""
              }
            ],
            "tags": null,
            "tags_all": {},
            "timeouts": null,
            "vpc_id": "vpc-03cebbd6f5d6ffc7d"
          },
          "sensitive_attributes": [],
          "private": "eyJlMmJmYjczMC1lY2FhLTExZTYtOGY4OC0zNDM2M2JjN2M0YzAiOnsiY3JlYXRlIjozMDAwMDAwMDAwMDAsImRlbGV0ZSI6MzAwMDAwMDAwMDAwLCJ1cGRhdGUiOjEyMDAwMDAwMDAwMH19",
          "dependencies": [
            "aws_internet_gateway.prod-igw",
            "aws_vpc.prod-vpc"
          ]
        }
      ]
    },
    {
      "mode": "managed",
      "type": "aws_route_table_association",
      "name": "prod-crta-public-subnet-1",
      "provider": "provider[\"registry.terraform.io/hashicorp/aws\"]",
      "instances": [
        {
          "schema_version": 0,
          "attributes": {
            "gateway_id": "",
            "id": "rtbassoc-03d73ae3eb546d5af",
            "route_table_id": "rtb-05bc9e841cf677ac9",
            "subnet_id": "subnet-05ec82e249d177a12",
            "timeouts": null
          },
          "sensitive_attributes": [],
          "private": "eyJlMmJmYjczMC1lY2FhLTExZTYtOGY4OC0zNDM2M2JjN2M0YzAiOnsiY3JlYXRlIjozMDAwMDAwMDAwMDAsImRlbGV0ZSI6MzAwMDAwMDAwMDAwLCJ1cGRhdGUiOjEyMDAwMDAwMDAwMH19",
          "dependencies": [
            "aws_internet_gateway.prod-igw",
            "aws_route_table.prod-public-crt",
            "aws_subnet.prod-subnet-public-1",
            "aws_vpc.prod-vpc"
          ]
        }
      ]
    },
    {
      "mode": "managed",
      "type": "aws_security_group",
      "name": "RDS_allow_rule",
      "provider": "provider[\"registry.terraform.io/hashicorp/aws\"]",
      "instances": [
        {
          "schema_version": 1,
          "attributes": {
            "arn": "arn:aws:ec2:us-east-1:456962030521:security-group/sg-009fd8b0e87d08268",
            "description": "Managed by Terraform",
            "egress": [
              {
                "cidr_blocks": [
                  "0.0.0.0/0"
                ],
                "description": "",
                "from_port": 0,
                "ipv6_cidr_blocks": [],
                "prefix_list_ids": [],
                "protocol": "-1",
                "security_groups": [],
                "self": false,
                "to_port": 0
              }
            ],
            "id": "sg-009fd8b0e87d08268",
            "ingress": [
              {
                "cidr_blocks": [],
                "description": "",
                "from_port": 3306,
                "ipv6_cidr_blocks": [],
                "prefix_list_ids": [],
                "protocol": "tcp",
                "security_groups": [
                  "sg-009e3ec9a28dc816b"
                ],
                "self": false,
                "to_port": 3306
              }
            ],
            "name": "terraform-20240225034703480100000004",
            "name_prefix": "terraform-",
            "owner_id": "456962030521",
            "revoke_rules_on_delete": false,
            "tags": {
              "Name": "allow ec2"
            },
            "tags_all": {
              "Name": "allow ec2"
            },
            "timeouts": null,
            "vpc_id": "vpc-03cebbd6f5d6ffc7d"
          },
          "sensitive_attributes": [],
          "private": "eyJlMmJmYjczMC1lY2FhLTExZTYtOGY4OC0zNDM2M2JjN2M0YzAiOnsiY3JlYXRlIjo2MDAwMDAwMDAwMDAsImRlbGV0ZSI6OTAwMDAwMDAwMDAwfSwic2NoZW1hX3ZlcnNpb24iOiIxIn0=",
          "dependencies": [
            "aws_security_group.ec2_allow_rule",
            "aws_vpc.prod-vpc"
          ]
        }
      ]
    },
    {
      "mode": "managed",
      "type": "aws_security_group",
      "name": "ec2_allow_rule",
      "provider": "provider[\"registry.terraform.io/hashicorp/aws\"]",
      "instances": [
        {
          "schema_version": 1,
          "attributes": {
            "arn": "arn:aws:ec2:us-east-1:456962030521:security-group/sg-009e3ec9a28dc816b",
            "description": "Managed by Terraform",
            "egress": [
              {
                "cidr_blocks": [
                  "0.0.0.0/0"
                ],
                "description": "",
                "from_port": 0,
                "ipv6_cidr_blocks": [],
                "prefix_list_ids": [],
                "protocol": "-1",
                "security_groups": [],
                "self": false,
                "to_port": 0
              }
            ],
            "id": "sg-009e3ec9a28dc816b",
            "ingress": [
              {
                "cidr_blocks": [
                  "0.0.0.0/0"
                ],
                "description": "HTTP",
                "from_port": 80,
                "ipv6_cidr_blocks": [],
                "prefix_list_ids": [],
                "protocol": "tcp",
                "security_groups": [],
                "self": false,
                "to_port": 80
              },
              {
                "cidr_blocks": [
                  "0.0.0.0/0"
                ],
                "description": "HTTPS",
                "from_port": 443,
                "ipv6_cidr_blocks": [],
                "prefix_list_ids": [],
                "protocol": "tcp",
                "security_groups": [],
                "self": false,
                "to_port": 443
              },
              {
                "cidr_blocks": [
                  "0.0.0.0/0"
                ],
                "description": "MYSQL/Aurora",
                "from_port": 3306,
                "ipv6_cidr_blocks": [],
                "prefix_list_ids": [],
                "protocol": "tcp",
                "security_groups": [],
                "self": false,
                "to_port": 3306
              },
              {
                "cidr_blocks": [
                  "0.0.0.0/0"
                ],
                "description": "SSH",
                "from_port": 22,
                "ipv6_cidr_blocks": [],
                "prefix_list_ids": [],
                "protocol": "tcp",
                "security_groups": [],
                "self": false,
                "to_port": 22
              }
            ],
            "name": "terraform-20240225034700224000000001",
            "name_prefix": "terraform-",
            "owner_id": "456962030521",
            "revoke_rules_on_delete": false,
            "tags": {
              "Name": "allow ssh,http,https"
            },
            "tags_all": {
              "Name": "allow ssh,http,https"
            },
            "timeouts": null,
            "vpc_id": "vpc-03cebbd6f5d6ffc7d"
          },
          "sensitive_attributes": [],
          "private": "eyJlMmJmYjczMC1lY2FhLTExZTYtOGY4OC0zNDM2M2JjN2M0YzAiOnsiY3JlYXRlIjo2MDAwMDAwMDAwMDAsImRlbGV0ZSI6OTAwMDAwMDAwMDAwfSwic2NoZW1hX3ZlcnNpb24iOiIxIn0=",
          "dependencies": [
            "aws_vpc.prod-vpc"
          ]
        }
      ]
    },
    {
      "mode": "managed",
      "type": "aws_subnet",
      "name": "prod-subnet-private-1",
      "provider": "provider[\"registry.terraform.io/hashicorp/aws\"]",
      "instances": [
        {
          "schema_version": 1,
          "attributes": {
            "arn": "arn:aws:ec2:us-east-1:456962030521:subnet/subnet-0cfa2e47b611cbf53",
            "assign_ipv6_address_on_creation": false,
            "availability_zone": "us-east-1b",
            "availability_zone_id": "use1-az6",
            "cidr_block": "10.0.2.0/24",
            "customer_owned_ipv4_pool": "",
            "enable_dns64": false,
            "enable_lni_at_device_index": 0,
            "enable_resource_name_dns_a_record_on_launch": false,
            "enable_resource_name_dns_aaaa_record_on_launch": false,
            "id": "subnet-0cfa2e47b611cbf53",
            "ipv6_cidr_block": "",
            "ipv6_cidr_block_association_id": "",
            "ipv6_native": false,
            "map_customer_owned_ip_on_launch": false,
            "map_public_ip_on_launch": false,
            "outpost_arn": "",
            "owner_id": "456962030521",
            "private_dns_hostname_type_on_launch": "ip-name",
            "tags": null,
            "tags_all": {},
            "timeouts": null,
            "vpc_id": "vpc-03cebbd6f5d6ffc7d"
          },
          "sensitive_attributes": [],
          "private": "eyJlMmJmYjczMC1lY2FhLTExZTYtOGY4OC0zNDM2M2JjN2M0YzAiOnsiY3JlYXRlIjo2MDAwMDAwMDAwMDAsImRlbGV0ZSI6MTIwMDAwMDAwMDAwMH0sInNjaGVtYV92ZXJzaW9uIjoiMSJ9",
          "dependencies": [
            "aws_vpc.prod-vpc"
          ]
        }
      ]
    },
    {
      "mode": "managed",
      "type": "aws_subnet",
      "name": "prod-subnet-private-2",
      "provider": "provider[\"registry.terraform.io/hashicorp/aws\"]",
      "instances": [
        {
          "schema_version": 1,
          "attributes": {
            "arn": "arn:aws:ec2:us-east-1:456962030521:subnet/subnet-04a8e5655605f33b3",
            "assign_ipv6_address_on_creation": false,
            "availability_zone": "us-east-1c",
            "availability_zone_id": "use1-az1",
            "cidr_block": "10.0.3.0/24",
            "customer_owned_ipv4_pool": "",
            "enable_dns64": false,
            "enable_lni_at_device_index": 0,
            "enable_resource_name_dns_a_record_on_launch": false,
            "enable_resource_name_dns_aaaa_record_on_launch": false,
            "id": "subnet-04a8e5655605f33b3",
            "ipv6_cidr_block": "",
            "ipv6_cidr_block_association_id": "",
            "ipv6_native": false,
            "map_customer_owned_ip_on_launch": false,
            "map_public_ip_on_launch": false,
            "outpost_arn": "",
            "owner_id": "456962030521",
            "private_dns_hostname_type_on_launch": "ip-name",
            "tags": null,
            "tags_all": {},
            "timeouts": null,
            "vpc_id": "vpc-03cebbd6f5d6ffc7d"
          },
          "sensitive_attributes": [],
          "private": "eyJlMmJmYjczMC1lY2FhLTExZTYtOGY4OC0zNDM2M2JjN2M0YzAiOnsiY3JlYXRlIjo2MDAwMDAwMDAwMDAsImRlbGV0ZSI6MTIwMDAwMDAwMDAwMH0sInNjaGVtYV92ZXJzaW9uIjoiMSJ9",
          "dependencies": [
            "aws_vpc.prod-vpc"
          ]
        }
      ]
    },
    {
      "mode": "managed",
      "type": "aws_subnet",
      "name": "prod-subnet-public-1",
      "provider": "provider[\"registry.terraform.io/hashicorp/aws\"]",
      "instances": [
        {
          "schema_version": 1,
          "attributes": {
            "arn": "arn:aws:ec2:us-east-1:456962030521:subnet/subnet-05ec82e249d177a12",
            "assign_ipv6_address_on_creation": false,
            "availability_zone": "us-east-1a",
            "availability_zone_id": "use1-az4",
            "cidr_block": "10.0.1.0/24",
            "customer_owned_ipv4_pool": "",
            "enable_dns64": false,
            "enable_lni_at_device_index": 0,
            "enable_resource_name_dns_a_record_on_launch": false,
            "enable_resource_name_dns_aaaa_record_on_launch": false,
            "id": "subnet-05ec82e249d177a12",
            "ipv6_cidr_block": "",
            "ipv6_cidr_block_association_id": "",
            "ipv6_native": false,
            "map_customer_owned_ip_on_launch": false,
            "map_public_ip_on_launch": true,
            "outpost_arn": "",
            "owner_id": "456962030521",
            "private_dns_hostname_type_on_launch": "ip-name",
            "tags": null,
            "tags_all": {},
            "timeouts": null,
            "vpc_id": "vpc-03cebbd6f5d6ffc7d"
          },
          "sensitive_attributes": [],
          "private": "eyJlMmJmYjczMC1lY2FhLTExZTYtOGY4OC0zNDM2M2JjN2M0YzAiOnsiY3JlYXRlIjo2MDAwMDAwMDAwMDAsImRlbGV0ZSI6MTIwMDAwMDAwMDAwMH0sInNjaGVtYV92ZXJzaW9uIjoiMSJ9",
          "dependencies": [
            "aws_vpc.prod-vpc"
          ]
        }
      ]
    },
    {
      "mode": "managed",
      "type": "aws_vpc",
      "name": "prod-vpc",
      "provider": "provider[\"registry.terraform.io/hashicorp/aws\"]",
      "instances": [
        {
          "schema_version": 1,
          "attributes": {
            "arn": "arn:aws:ec2:us-east-1:456962030521:vpc/vpc-03cebbd6f5d6ffc7d",
            "assign_generated_ipv6_cidr_block": false,
            "cidr_block": "10.0.0.0/16",
            "default_network_acl_id": "acl-0cf915efacc6f5aa3",
            "default_route_table_id": "rtb-0024d45467ced7f05",
            "default_security_group_id": "sg-0329679ede88d7619",
            "dhcp_options_id": "dopt-0173608608bb9b90a",
            "enable_dns_hostnames": true,
            "enable_dns_support": true,
            "enable_network_address_usage_metrics": false,
            "id": "vpc-03cebbd6f5d6ffc7d",
            "instance_tenancy": "default",
            "ipv4_ipam_pool_id": null,
            "ipv4_netmask_length": null,
            "ipv6_association_id": "",
            "ipv6_cidr_block": "",
            "ipv6_cidr_block_network_border_group": "",
            "ipv6_ipam_pool_id": "",
            "ipv6_netmask_length": 0,
            "main_route_table_id": "rtb-0024d45467ced7f05",
            "owner_id": "456962030521",
            "tags": null,
            "tags_all": {}
          },
          "sensitive_attributes": [],
          "private": "eyJzY2hlbWFfdmVyc2lvbiI6IjEifQ=="
        }
      ]
    },
    {
      "mode": "managed",
      "type": "local_file",
      "name": "dados-rds-file",
      "provider": "provider[\"registry.terraform.io/hashicorp/local\"]",
      "instances": [
        {
          "schema_version": 0,
          "attributes": {
            "content": "AUTH_KEY: 55}a.|]~J_\u0026xqy1Tzj+EKIAb^%+u_-LWj4vT-.8=!;-./|z*Fg/G:K1-|+BTpX!Y\nSECURE_AUTH_KEY: oQ2)!(LISKscS*3{Z_\u003cj]BC apv$vUyUhf*{:zasJ\u0026q4g@PXLl0E!^*pt7\u003e-Ld[-\nLOGGED_IN_KEY: HE|mip}vngoev~U$P2H:2,l(Q=GF+cUl+n6tzkb[YV1`[dui3S0o]jE-\u003evJWXN|]\nNONCE_KEY: MD!{U}w]\u003c{^{Rcm?swml8rLFO.kApT:ur aQyCdR:@,iBrvld+\u003cC!(q+}(6~JBSe\nAUTH_SALT: Q\u003cDd7H~HYRM-]?K[4u3\u0026ijr:d{IS1cbiD#+yygZg[q/0p/h!#|4iA}[!pT[2K3Ss\nSECURE_AUTH_SALT: veu@M0O;\u003cCcO$6hyY}+zRD;Pm?}+Pm+H!4X|fJU:,7A{3w?S#f|G+!HeRFX\u003cN7\u003eK\nLOGGED_IN_SALT: f43|CIfH`=m3HK)q^dzBbZE,6b azb@hdQ#P\u003cj5%hfmpmeL_Qq3l~9,]\u003cZM]KcB)\nNONCE_SALT: )u\u003cZ=tMMGs-miQo1XHF\u0026p\u003c[X8W`|#d+v 7H6~T9r TJ0R+CxIc-^DDS3Q#\u003euIHOF\n\nsites_path: \"/var/www/http_host\"\n\ndomain_name: wp.com\napp_name: wordpress\nphp_fpm_sock: /run/php/php-fpm.sock\n\ndb_name: wordpress_db\ndb_host: terraform-20240225034706326400000005.cqygjnfepyaz.us-east-1.rds.amazonaws.com:3306\ndb_username: wordpress_user\ndb_password: PassWord4-user\n\nmysql_port: 3306",
            "content_base64": null,
            "content_base64sha256": "i8tEWHH9cWqbAWqu2FxxTvg77BXSeic9MLsoQHl+Yic=",
            "content_base64sha512": "IGQNA8v5nD6jd4yP35XOON1y1cTbiWaWjYm4OCkrMVyuFHHkesufy2jvHxGJmlDUyM/rf2Awy/6IBtSVNaiXrQ==",
            "content_md5": "78b108cdec32f2a776d0cc2c56db961a",
            "content_sha1": "bf0de5b67ce6b2a8a421fc444515718cd71a5cc2",
            "content_sha256": "8bcb445871fd716a9b016aaed85c714ef83bec15d27a273d30bb2840797e6227",
            "content_sha512": "20640d03cbf99c3ea3778c8fdf95ce38dd72d5c4db8966968d89b838292b315cae1471e47acb9fcb68ef1f11899a50d4c8cfeb7f6030cbfe8806d49535a897ad",
            "directory_permission": "0777",
            "file_permission": "0777",
            "filename": "./galaxy/group_vars/all.yaml",
            "id": "bf0de5b67ce6b2a8a421fc444515718cd71a5cc2",
            "sensitive_content": null,
            "source": null
          },
          "sensitive_attributes": [],
          "dependencies": [
            "aws_db_instance.wordpressdb",
            "aws_db_subnet_group.RDS_subnet_grp",
            "aws_eip.eip",
            "aws_instance.wordpressec2",
            "aws_security_group.RDS_allow_rule",
            "aws_security_group.ec2_allow_rule",
            "aws_subnet.prod-subnet-private-1",
            "aws_subnet.prod-subnet-private-2",
            "aws_subnet.prod-subnet-public-1",
            "aws_vpc.prod-vpc",
            "data.template_file.dados-rds"
          ]
        }
      ]
    },
    {
      "mode": "managed",
      "type": "local_file",
      "name": "hosts-correto-file",
      "provider": "provider[\"registry.terraform.io/hashicorp/local\"]",
      "instances": [
        {
          "schema_version": 0,
          "attributes": {
            "content": "[all]\n52.70.142.104\n\n[localhost]\n52.70.142.104",
            "content_base64": null,
            "content_base64sha256": "x5k7gAzfd4Qd3q0ZEhZEtcnbEwobwwSRu2CMTg2NHFs=",
            "content_base64sha512": "H72ykrkEcKwuoATnrk/S73MhtFn+5Fi43HGNPk8KKKe1kQzdU+3cfVRzPGTt9cxtnvyL3nckwJ/jOAs800zWqA==",
            "content_md5": "d95f27d21c093c261380d4200ed2077f",
            "content_sha1": "d188eae0f7e64f47e6e7f6fa4bbd531439209b16",
            "content_sha256": "c7993b800cdf77841ddead19121644b5c9db130a1bc30491bb608c4e0d8d1c5b",
            "content_sha512": "1fbdb292b90470ac2ea004e7ae4fd2ef7321b459fee458b8dc718d3e4f0a28a7b5910cdd53eddc7d54733c64edf5cc6d9efc8bde7724c09fe3380b3cd34cd6a8",
            "directory_permission": "0777",
            "file_permission": "0777",
            "filename": "./galaxy/hosts.ini",
            "id": "d188eae0f7e64f47e6e7f6fa4bbd531439209b16",
            "sensitive_content": null,
            "source": null
          },
          "sensitive_attributes": [],
          "dependencies": [
            "aws_db_instance.wordpressdb",
            "aws_db_subnet_group.RDS_subnet_grp",
            "aws_eip.eip",
            "aws_instance.wordpressec2",
            "aws_security_group.RDS_allow_rule",
            "aws_security_group.ec2_allow_rule",
            "aws_subnet.prod-subnet-private-1",
            "aws_subnet.prod-subnet-private-2",
            "aws_subnet.prod-subnet-public-1",
            "aws_vpc.prod-vpc",
            "data.template_file.hosts-correto"
          ]
        }
      ]
    },
    {
      "mode": "managed",
      "type": "null_resource",
      "name": "Wordpress_Installation_Waiting",
      "provider": "provider[\"registry.terraform.io/hashicorp/null\"]",
      "instances": [
        {
          "schema_version": 0,
          "attributes": {
            "id": "5657561691123497353",
            "triggers": {
              "ec2_id": "i-0a6e0860f944aa85c",
              "rds_endpoint": "terraform-20240225034706326400000005.cqygjnfepyaz.us-east-1.rds.amazonaws.com:3306"
            }
          },
          "sensitive_attributes": [],
          "dependencies": [
            "aws_db_instance.wordpressdb",
            "aws_db_subnet_group.RDS_subnet_grp",
            "aws_instance.wordpressec2",
            "aws_security_group.RDS_allow_rule",
            "aws_security_group.ec2_allow_rule",
            "aws_subnet.prod-subnet-private-1",
            "aws_subnet.prod-subnet-private-2",
            "aws_subnet.prod-subnet-public-1",
            "aws_vpc.prod-vpc"
          ]
        }
      ]
    }
  ],
  "check_results": null
}
