{
  "version": 4,
  "terraform_version": "1.5.4",
  "serial": 100,
  "lineage": "8d090ad9-990e-e101-c92c-994c8e4696e2",
  "outputs": {
    "INFO": {
      "value": "AWS Resources and Wordpress has been provisioned. Go to http://44.221.143.47",
      "type": "string"
    },
    "IP": {
      "value": "44.221.143.47",
      "type": "string"
    },
    "RDS-Endpoint": {
      "value": "terraform-20240207142053183800000004.cqygjnfepyaz.us-east-1.rds.amazonaws.com:3306",
      "type": "string"
    }
  },
  "resources": [
    {
      "mode": "data",
      "type": "template_file",
      "name": "dados-rds",
      "provider": "provider[\"registry.terraform.io/hashicorp/template\"]",
      "instances": [
        {
          "schema_version": 0,
          "attributes": {
            "filename": null,
            "id": "9e1c718c9ecd6c0386eebe9aea40ca02e5def3431e29e6052f1311254816afe8",
            "rendered": "AUTH_KEY: 55}a.|]~J_\u0026xqy1Tzj+EKIAb^%+u_-LWj4vT-.8=!;-./|z*Fg/G:K1-|+BTpX!Y\nSECURE_AUTH_KEY: oQ2)!(LISKscS*3{Z_\u003cj]BC apv$vUyUhf*{:zasJ\u0026q4g@PXLl0E!^*pt7\u003e-Ld[-\nLOGGED_IN_KEY: HE|mip}vngoev~U$P2H:2,l(Q=GF+cUl+n6tzkb[YV1`[dui3S0o]jE-\u003evJWXN|]\nNONCE_KEY: MD!{U}w]\u003c{^{Rcm?swml8rLFO.kApT:ur aQyCdR:@,iBrvld+\u003cC!(q+}(6~JBSe\nAUTH_SALT: Q\u003cDd7H~HYRM-]?K[4u3\u0026ijr:d{IS1cbiD#+yygZg[q/0p/h!#|4iA}[!pT[2K3Ss\nSECURE_AUTH_SALT: veu@M0O;\u003cCcO$6hyY}+zRD;Pm?}+Pm+H!4X|fJU:,7A{3w?S#f|G+!HeRFX\u003cN7\u003eK\nLOGGED_IN_SALT: f43|CIfH`=m3HK)q^dzBbZE,6b azb@hdQ#P\u003cj5%hfmpmeL_Qq3l~9,]\u003cZM]KcB)\nNONCE_SALT: )u\u003cZ=tMMGs-miQo1XHF\u0026p\u003c[X8W`|#d+v 7H6~T9r TJ0R+CxIc-^DDS3Q#\u003euIHOF\n\n#root_password: \"root\"\n#\n#user_name: \"wordpressuser\"\n#user_pass: \"wordpresspass\"\n#db_name: \"wordpress\"\n\ndb_name: wordpress_db\ndb_host: terraform-20240207142053183800000004.cqygjnfepyaz.us-east-1.rds.amazonaws.com:3306\ndb_username: wordpress_user\ndb_password: PassWord4-user\n\nmysql_port: 3306",
            "template": "AUTH_KEY: 55}a.|]~J_\u0026xqy1Tzj+EKIAb^%+u_-LWj4vT-.8=!;-./|z*Fg/G:K1-|+BTpX!Y\nSECURE_AUTH_KEY: oQ2)!(LISKscS*3{Z_\u003cj]BC apv$vUyUhf*{:zasJ\u0026q4g@PXLl0E!^*pt7\u003e-Ld[-\nLOGGED_IN_KEY: HE|mip}vngoev~U$P2H:2,l(Q=GF+cUl+n6tzkb[YV1`[dui3S0o]jE-\u003evJWXN|]\nNONCE_KEY: MD!{U}w]\u003c{^{Rcm?swml8rLFO.kApT:ur aQyCdR:@,iBrvld+\u003cC!(q+}(6~JBSe\nAUTH_SALT: Q\u003cDd7H~HYRM-]?K[4u3\u0026ijr:d{IS1cbiD#+yygZg[q/0p/h!#|4iA}[!pT[2K3Ss\nSECURE_AUTH_SALT: veu@M0O;\u003cCcO$6hyY}+zRD;Pm?}+Pm+H!4X|fJU:,7A{3w?S#f|G+!HeRFX\u003cN7\u003eK\nLOGGED_IN_SALT: f43|CIfH`=m3HK)q^dzBbZE,6b azb@hdQ#P\u003cj5%hfmpmeL_Qq3l~9,]\u003cZM]KcB)\nNONCE_SALT: )u\u003cZ=tMMGs-miQo1XHF\u0026p\u003c[X8W`|#d+v 7H6~T9r TJ0R+CxIc-^DDS3Q#\u003euIHOF\n\n#root_password: \"root\"\n#\n#user_name: \"wordpressuser\"\n#user_pass: \"wordpresspass\"\n#db_name: \"wordpress\"\n\ndb_name: ${db_name_wp}\ndb_host: ${db_RDS}\ndb_username: ${db_username}\ndb_password: ${db_user_password}\n\nmysql_port: 3306",
            "vars": {
              "db_RDS": "terraform-20240207142053183800000004.cqygjnfepyaz.us-east-1.rds.amazonaws.com:3306",
              "db_name_wp": "wordpress_db",
              "db_user_password": "PassWord4-user",
              "db_username": "wordpress_user",
              "ip_servidor": "44.221.143.47"
            }
          },
          "sensitive_attributes": []
        }
      ]
    },
    {
      "mode": "data",
      "type": "template_file",
      "name": "hosts-correto",
      "provider": "provider[\"registry.terraform.io/hashicorp/template\"]",
      "instances": [
        {
          "schema_version": 0,
          "attributes": {
            "filename": null,
            "id": "46b94be80e5b90edb360c286a3a8c7ad19520cb8e272f4a0bbabc9f02da98665",
            "rendered": "[all]\n44.221.143.47\n\n[localhost]\n44.221.143.47",
            "template": "[all]\n${ip_servidor}\n\n[localhost]\n${ip_servidor}",
            "vars": {
              "ip_servidor": "44.221.143.47"
            }
          },
          "sensitive_attributes": []
        }
      ]
    },
    {
      "mode": "managed",
      "type": "aws_db_instance",
      "name": "wordpressdb",
      "provider": "provider[\"registry.terraform.io/hashicorp/aws\"]",
      "instances": [
        {
          "schema_version": 1,
          "attributes": {
            "address": "terraform-20240207142053183800000004.cqygjnfepyaz.us-east-1.rds.amazonaws.com",
            "allocated_storage": 20,
            "allow_major_version_upgrade": null,
            "apply_immediately": null,
            "arn": "arn:aws:rds:us-east-1:456962030521:db:terraform-20240207142053183800000004",
            "auto_minor_version_upgrade": true,
            "availability_zone": "us-east-1b",
            "backup_retention_period": 0,
            "backup_window": "07:41-08:11",
            "ca_cert_identifier": "rds-ca-rsa2048-g1",
            "character_set_name": "",
            "copy_tags_to_snapshot": false,
            "customer_owned_ip_enabled": false,
            "db_name": "wordpress_db",
            "db_subnet_group_name": "terraform-20240207142048043700000002",
            "delete_automated_backups": true,
            "deletion_protection": false,
            "domain": "",
            "domain_iam_role_name": "",
            "enabled_cloudwatch_logs_exports": null,
            "endpoint": "terraform-20240207142053183800000004.cqygjnfepyaz.us-east-1.rds.amazonaws.com:3306",
            "engine": "mysql",
            "engine_version": "5.7",
            "engine_version_actual": "5.7.44",
            "final_snapshot_identifier": null,
            "hosted_zone_id": "Z2R2ITUGPM61AM",
            "iam_database_authentication_enabled": false,
            "id": "terraform-20240207142053183800000004",
            "identifier": "terraform-20240207142053183800000004",
            "identifier_prefix": "terraform-",
            "instance_class": "db.t3.micro",
            "iops": 0,
            "kms_key_id": "",
            "latest_restorable_time": "",
            "license_model": "general-public-license",
            "maintenance_window": "sat:08:13-sat:08:43",
            "max_allocated_storage": 0,
            "monitoring_interval": 0,
            "monitoring_role_arn": "",
            "multi_az": false,
            "name": "wordpress_db",
            "nchar_character_set_name": "",
            "network_type": "IPV4",
            "option_group_name": "default:mysql-5-7",
            "parameter_group_name": "default.mysql5.7",
            "password": "PassWord4-user",
            "performance_insights_enabled": false,
            "performance_insights_kms_key_id": "",
            "performance_insights_retention_period": 0,
            "port": 3306,
            "publicly_accessible": false,
            "replica_mode": "",
            "replicas": [],
            "replicate_source_db": "",
            "resource_id": "db-T2PI2IALWFJI5YXRMG64K7CXKE",
            "restore_to_point_in_time": [],
            "s3_import": [],
            "security_group_names": null,
            "skip_final_snapshot": true,
            "snapshot_identifier": null,
            "status": "available",
            "storage_encrypted": false,
            "storage_type": "gp2",
            "tags": null,
            "tags_all": {},
            "timeouts": null,
            "timezone": "",
            "username": "wordpress_user",
            "vpc_security_group_ids": [
              "sg-06bb0ab1e0bad841a"
            ]
          },
          "sensitive_attributes": [],
          "private": "eyJlMmJmYjczMC1lY2FhLTExZTYtOGY4OC0zNDM2M2JjN2M0YzAiOnsiY3JlYXRlIjoyNDAwMDAwMDAwMDAwLCJkZWxldGUiOjM2MDAwMDAwMDAwMDAsInVwZGF0ZSI6NDgwMDAwMDAwMDAwMH0sInNjaGVtYV92ZXJzaW9uIjoiMSJ9",
          "dependencies": [
            "aws_db_subnet_group.RDS_subnet_grp",
            "aws_security_group.RDS_allow_rule",
            "aws_security_group.ec2_allow_rule",
            "aws_subnet.prod-subnet-private-1",
            "aws_subnet.prod-subnet-private-2",
            "aws_vpc.prod-vpc"
          ]
        }
      ]
    },
    {
      "mode": "managed",
      "type": "aws_db_subnet_group",
      "name": "RDS_subnet_grp",
      "provider": "provider[\"registry.terraform.io/hashicorp/aws\"]",
      "instances": [
        {
          "schema_version": 0,
          "attributes": {
            "arn": "arn:aws:rds:us-east-1:456962030521:subgrp:terraform-20240207142048043700000002",
            "description": "Managed by Terraform",
            "id": "terraform-20240207142048043700000002",
            "name": "terraform-20240207142048043700000002",
            "name_prefix": "terraform-",
            "subnet_ids": [
              "subnet-0d58e4ea9cf4064d1",
              "subnet-0fcca83ab1081446a"
            ],
            "supported_network_types": [
              "IPV4"
            ],
            "tags": null,
            "tags_all": {}
          },
          "sensitive_attributes": [],
          "private": "bnVsbA==",
          "dependencies": [
            "aws_subnet.prod-subnet-private-1",
            "aws_subnet.prod-subnet-private-2",
            "aws_vpc.prod-vpc"
          ]
        }
      ]
    },
    {
      "mode": "managed",
      "type": "aws_eip",
      "name": "eip",
      "provider": "provider[\"registry.terraform.io/hashicorp/aws\"]",
      "instances": [
        {
          "schema_version": 0,
          "attributes": {
            "address": null,
            "allocation_id": "eipalloc-005815622c4628d7a",
            "associate_with_private_ip": null,
            "association_id": "eipassoc-0883def1e4158291a",
            "carrier_ip": "",
            "customer_owned_ip": "",
            "customer_owned_ipv4_pool": "",
            "domain": "vpc",
            "id": "eipalloc-005815622c4628d7a",
            "instance": "i-0d25952969f7fb94a",
            "network_border_group": "us-east-1",
            "network_interface": "eni-01a4bb12f6d20405a",
            "private_dns": "ip-10-0-1-49.ec2.internal",
            "private_ip": "10.0.1.49",
            "public_dns": "ec2-44-221-143-47.compute-1.amazonaws.com",
            "public_ip": "44.221.143.47",
            "public_ipv4_pool": "amazon",
            "tags": null,
            "tags_all": {},
            "timeouts": null,
            "vpc": true
          },
          "sensitive_attributes": [],
          "private": "eyJlMmJmYjczMC1lY2FhLTExZTYtOGY4OC0zNDM2M2JjN2M0YzAiOnsiZGVsZXRlIjoxODAwMDAwMDAwMDAsInJlYWQiOjkwMDAwMDAwMDAwMCwidXBkYXRlIjozMDAwMDAwMDAwMDB9fQ==",
          "dependencies": [
            "aws_db_instance.wordpressdb",
            "aws_db_subnet_group.RDS_subnet_grp",
            "aws_instance.wordpressec2",
            "aws_security_group.RDS_allow_rule",
            "aws_security_group.ec2_allow_rule",
            "aws_subnet.prod-subnet-private-1",
            "aws_subnet.prod-subnet-private-2",
            "aws_subnet.prod-subnet-public-1",
            "aws_vpc.prod-vpc"
          ]
        }
      ]
    },
    {
      "mode": "managed",
      "type": "aws_instance",
      "name": "wordpressec2",
      "provider": "provider[\"registry.terraform.io/hashicorp/aws\"]",
      "instances": [
        {
          "schema_version": 1,
          "attributes": {
            "ami": "ami-053b0d53c279acc90",
            "arn": "arn:aws:ec2:us-east-1:456962030521:instance/i-0d25952969f7fb94a",
            "associate_public_ip_address": true,
            "availability_zone": "us-east-1a",
            "capacity_reservation_specification": [
              {
                "capacity_reservation_preference": "open",
                "capacity_reservation_target": []
              }
            ],
            "cpu_core_count": 1,
            "cpu_threads_per_core": 1,
            "credit_specification": [
              {
                "cpu_credits": "standard"
              }
            ],
            "disable_api_stop": false,
            "disable_api_termination": false,
            "ebs_block_device": [],
            "ebs_optimized": false,
            "enclave_options": [
              {
                "enabled": false
              }
            ],
            "ephemeral_block_device": [],
            "get_password_data": false,
            "hibernation": false,
            "host_id": null,
            "host_resource_group_arn": null,
            "iam_instance_profile": "",
            "id": "i-0d25952969f7fb94a",
            "instance_initiated_shutdown_behavior": "stop",
            "instance_state": "running",
            "instance_type": "t2.micro",
            "ipv6_address_count": 0,
            "ipv6_addresses": [],
            "key_name": "chave-ansible",
            "launch_template": [],
            "maintenance_options": [
              {
                "auto_recovery": "default"
              }
            ],
            "metadata_options": [
              {
                "http_endpoint": "enabled",
                "http_put_response_hop_limit": 1,
                "http_tokens": "optional",
                "instance_metadata_tags": "disabled"
              }
            ],
            "monitoring": false,
            "network_interface": [],
            "outpost_arn": "",
            "password_data": "",
            "placement_group": "",
            "placement_partition_number": null,
            "primary_network_interface_id": "eni-01a4bb12f6d20405a",
            "private_dns": "ip-10-0-1-49.ec2.internal",
            "private_dns_name_options": [
              {
                "enable_resource_name_dns_a_record": false,
                "enable_resource_name_dns_aaaa_record": false,
                "hostname_type": "ip-name"
              }
            ],
            "private_ip": "10.0.1.49",
            "public_dns": "ec2-54-210-110-179.compute-1.amazonaws.com",
            "public_ip": "54.210.110.179",
            "root_block_device": [
              {
                "delete_on_termination": true,
                "device_name": "/dev/sda1",
                "encrypted": false,
                "iops": 100,
                "kms_key_id": "",
                "tags": {},
                "throughput": 0,
                "volume_id": "vol-097d4fd175979786f",
                "volume_size": 8,
                "volume_type": "gp2"
              }
            ],
            "secondary_private_ips": [],
            "security_groups": [],
            "source_dest_check": true,
            "subnet_id": "subnet-0e864e43b9219d746",
            "tags": {
              "Name": "Wordpress.web"
            },
            "tags_all": {
              "Name": "Wordpress.web"
            },
            "tenancy": "default",
            "timeouts": null,
            "user_data": null,
            "user_data_base64": null,
            "user_data_replace_on_change": false,
            "volume_tags": null,
            "vpc_security_group_ids": [
              "sg-06cc28d6f7e977cd9"
            ]
          },
          "sensitive_attributes": [],
          "private": "eyJlMmJmYjczMC1lY2FhLTExZTYtOGY4OC0zNDM2M2JjN2M0YzAiOnsiY3JlYXRlIjo2MDAwMDAwMDAwMDAsImRlbGV0ZSI6MTIwMDAwMDAwMDAwMCwidXBkYXRlIjo2MDAwMDAwMDAwMDB9LCJzY2hlbWFfdmVyc2lvbiI6IjEifQ==",
          "dependencies": [
            "aws_db_instance.wordpressdb",
            "aws_db_subnet_group.RDS_subnet_grp",
            "aws_security_group.RDS_allow_rule",
            "aws_security_group.ec2_allow_rule",
            "aws_subnet.prod-subnet-private-1",
            "aws_subnet.prod-subnet-private-2",
            "aws_subnet.prod-subnet-public-1",
            "aws_vpc.prod-vpc"
          ]
        }
      ]
    },
    {
      "mode": "managed",
      "type": "aws_internet_gateway",
      "name": "prod-igw",
      "provider": "provider[\"registry.terraform.io/hashicorp/aws\"]",
      "instances": [
        {
          "schema_version": 0,
          "attributes": {
            "arn": "arn:aws:ec2:us-east-1:456962030521:internet-gateway/igw-00939cf39ed2a65f0",
            "id": "igw-00939cf39ed2a65f0",
            "owner_id": "456962030521",
            "tags": null,
            "tags_all": {},
            "timeouts": null,
            "vpc_id": "vpc-081fe7ad2b6311fb2"
          },
          "sensitive_attributes": [],
          "private": "eyJlMmJmYjczMC1lY2FhLTExZTYtOGY4OC0zNDM2M2JjN2M0YzAiOnsiY3JlYXRlIjoxMjAwMDAwMDAwMDAwLCJkZWxldGUiOjEyMDAwMDAwMDAwMDAsInVwZGF0ZSI6MTIwMDAwMDAwMDAwMH19",
          "dependencies": [
            "aws_vpc.prod-vpc"
          ]
        }
      ]
    },
    {
      "mode": "managed",
      "type": "aws_key_pair",
      "name": "chave-ansible",
      "provider": "provider[\"registry.terraform.io/hashicorp/aws\"]",
      "instances": [
        {
          "schema_version": 1,
          "attributes": {
            "arn": "arn:aws:ec2:us-east-1:456962030521:key-pair/chave-ansible",
            "fingerprint": "e2:a1:ea:24:ce:bf:0f:ab:e8:97:7e:6e:84:29:bd:09",
            "id": "chave-ansible",
            "key_name": "chave-ansible",
            "key_name_prefix": "",
            "key_pair_id": "key-04120dbe7bd584021",
            "key_type": "rsa",
            "public_key": "ssh-rsa AAAAB3NzaC1yc2EAAAADAQABAAABAQDOklcQzHV2h8TMwUp96Ke0ryT6m1iaOrGsJMeO0tnuIyMdl8P5rs46PnpQy7KP8OPTaLL/xropHprTMBT8khdWsaNCpp1CqxVcdl0Z8Q8kynSxcJMVytfAsPVimGOfXJvmdb34MvQtpL9bJv5L8RQ7QfCMy5iy+cYp6GucDqEsVAI+K9HEbb/mjcKERXt2u21fPn1bAj1ibvOo46zTEtRlGUB+0/8gRvjk41TGmDRAlku3yA2qcJk0WFzv0Bs3NenHUI9XvN1sfmD4w6JOhVk0PpJ7fh6Hv684B7n+F+pxiNlynVPRHbg9NjnK+A7nocE9XnxgJF9Z+hRpke1CVwzL andersen@andersen-Inspiron-15-3567",
            "tags": null,
            "tags_all": {}
          },
          "sensitive_attributes": [],
          "private": "eyJzY2hlbWFfdmVyc2lvbiI6IjEifQ=="
        }
      ]
    },
    {
      "mode": "managed",
      "type": "aws_route_table",
      "name": "prod-public-crt",
      "provider": "provider[\"registry.terraform.io/hashicorp/aws\"]",
      "instances": [
        {
          "schema_version": 0,
          "attributes": {
            "arn": "arn:aws:ec2:us-east-1:456962030521:route-table/rtb-0dddb7e04bdfed433",
            "id": "rtb-0dddb7e04bdfed433",
            "owner_id": "456962030521",
            "propagating_vgws": [],
            "route": [
              {
                "carrier_gateway_id": "",
                "cidr_block": "0.0.0.0/0",
                "core_network_arn": "",
                "destination_prefix_list_id": "",
                "egress_only_gateway_id": "",
                "gateway_id": "igw-00939cf39ed2a65f0",
                "instance_id": "",
                "ipv6_cidr_block": "",
                "local_gateway_id": "",
                "nat_gateway_id": "",
                "network_interface_id": "",
                "transit_gateway_id": "",
                "vpc_endpoint_id": "",
                "vpc_peering_connection_id": ""
              }
            ],
            "tags": null,
            "tags_all": {},
            "timeouts": null,
            "vpc_id": "vpc-081fe7ad2b6311fb2"
          },
          "sensitive_attributes": [],
          "private": "eyJlMmJmYjczMC1lY2FhLTExZTYtOGY4OC0zNDM2M2JjN2M0YzAiOnsiY3JlYXRlIjozMDAwMDAwMDAwMDAsImRlbGV0ZSI6MzAwMDAwMDAwMDAwLCJ1cGRhdGUiOjEyMDAwMDAwMDAwMH19",
          "dependencies": [
            "aws_internet_gateway.prod-igw",
            "aws_vpc.prod-vpc"
          ]
        }
      ]
    },
    {
      "mode": "managed",
      "type": "aws_route_table_association",
      "name": "prod-crta-public-subnet-1",
      "provider": "provider[\"registry.terraform.io/hashicorp/aws\"]",
      "instances": [
        {
          "schema_version": 0,
          "attributes": {
            "gateway_id": "",
            "id": "rtbassoc-061c268ac609d1c5e",
            "route_table_id": "rtb-0dddb7e04bdfed433",
            "subnet_id": "subnet-0e864e43b9219d746"
          },
          "sensitive_attributes": [],
          "private": "bnVsbA==",
          "dependencies": [
            "aws_internet_gateway.prod-igw",
            "aws_route_table.prod-public-crt",
            "aws_subnet.prod-subnet-public-1",
            "aws_vpc.prod-vpc"
          ]
        }
      ]
    },
    {
      "mode": "managed",
      "type": "aws_security_group",
      "name": "RDS_allow_rule",
      "provider": "provider[\"registry.terraform.io/hashicorp/aws\"]",
      "instances": [
        {
          "schema_version": 1,
          "attributes": {
            "arn": "arn:aws:ec2:us-east-1:456962030521:security-group/sg-06bb0ab1e0bad841a",
            "description": "Managed by Terraform",
            "egress": [
              {
                "cidr_blocks": [
                  "0.0.0.0/0"
                ],
                "description": "",
                "from_port": 0,
                "ipv6_cidr_blocks": [],
                "prefix_list_ids": [],
                "protocol": "-1",
                "security_groups": [],
                "self": false,
                "to_port": 0
              }
            ],
            "id": "sg-06bb0ab1e0bad841a",
            "ingress": [
              {
                "cidr_blocks": [],
                "description": "",
                "from_port": 3306,
                "ipv6_cidr_blocks": [],
                "prefix_list_ids": [],
                "protocol": "tcp",
                "security_groups": [
                  "sg-06cc28d6f7e977cd9"
                ],
                "self": false,
                "to_port": 3306
              }
            ],
            "name": "terraform-20240207142050224800000003",
            "name_prefix": "terraform-",
            "owner_id": "456962030521",
            "revoke_rules_on_delete": false,
            "tags": {
              "Name": "allow ec2"
            },
            "tags_all": {
              "Name": "allow ec2"
            },
            "timeouts": null,
            "vpc_id": "vpc-081fe7ad2b6311fb2"
          },
          "sensitive_attributes": [],
          "private": "eyJlMmJmYjczMC1lY2FhLTExZTYtOGY4OC0zNDM2M2JjN2M0YzAiOnsiY3JlYXRlIjo2MDAwMDAwMDAwMDAsImRlbGV0ZSI6OTAwMDAwMDAwMDAwfSwic2NoZW1hX3ZlcnNpb24iOiIxIn0=",
          "dependencies": [
            "aws_security_group.ec2_allow_rule",
            "aws_vpc.prod-vpc"
          ]
        }
      ]
    },
    {
      "mode": "managed",
      "type": "aws_security_group",
      "name": "ec2_allow_rule",
      "provider": "provider[\"registry.terraform.io/hashicorp/aws\"]",
      "instances": [
        {
          "schema_version": 1,
          "attributes": {
            "arn": "arn:aws:ec2:us-east-1:456962030521:security-group/sg-06cc28d6f7e977cd9",
            "description": "Managed by Terraform",
            "egress": [
              {
                "cidr_blocks": [
                  "0.0.0.0/0"
                ],
                "description": "",
                "from_port": 0,
                "ipv6_cidr_blocks": [],
                "prefix_list_ids": [],
                "protocol": "-1",
                "security_groups": [],
                "self": false,
                "to_port": 0
              }
            ],
            "id": "sg-06cc28d6f7e977cd9",
            "ingress": [
              {
                "cidr_blocks": [
                  "0.0.0.0/0"
                ],
                "description": "HTTP",
                "from_port": 80,
                "ipv6_cidr_blocks": [],
                "prefix_list_ids": [],
                "protocol": "tcp",
                "security_groups": [],
                "self": false,
                "to_port": 80
              },
              {
                "cidr_blocks": [
                  "0.0.0.0/0"
                ],
                "description": "HTTPS",
                "from_port": 443,
                "ipv6_cidr_blocks": [],
                "prefix_list_ids": [],
                "protocol": "tcp",
                "security_groups": [],
                "self": false,
                "to_port": 443
              },
              {
                "cidr_blocks": [
                  "0.0.0.0/0"
                ],
                "description": "MYSQL/Aurora",
                "from_port": 3306,
                "ipv6_cidr_blocks": [],
                "prefix_list_ids": [],
                "protocol": "tcp",
                "security_groups": [],
                "self": false,
                "to_port": 3306
              },
              {
                "cidr_blocks": [
                  "0.0.0.0/0"
                ],
                "description": "SSH",
                "from_port": 22,
                "ipv6_cidr_blocks": [],
                "prefix_list_ids": [],
                "protocol": "tcp",
                "security_groups": [],
                "self": false,
                "to_port": 22
              }
            ],
            "name": "terraform-20240207142046755600000001",
            "name_prefix": "terraform-",
            "owner_id": "456962030521",
            "revoke_rules_on_delete": false,
            "tags": {
              "Name": "allow ssh,http,https"
            },
            "tags_all": {
              "Name": "allow ssh,http,https"
            },
            "timeouts": null,
            "vpc_id": "vpc-081fe7ad2b6311fb2"
          },
          "sensitive_attributes": [],
          "private": "eyJlMmJmYjczMC1lY2FhLTExZTYtOGY4OC0zNDM2M2JjN2M0YzAiOnsiY3JlYXRlIjo2MDAwMDAwMDAwMDAsImRlbGV0ZSI6OTAwMDAwMDAwMDAwfSwic2NoZW1hX3ZlcnNpb24iOiIxIn0=",
          "dependencies": [
            "aws_vpc.prod-vpc"
          ]
        }
      ]
    },
    {
      "mode": "managed",
      "type": "aws_subnet",
      "name": "prod-subnet-private-1",
      "provider": "provider[\"registry.terraform.io/hashicorp/aws\"]",
      "instances": [
        {
          "schema_version": 1,
          "attributes": {
            "arn": "arn:aws:ec2:us-east-1:456962030521:subnet/subnet-0d58e4ea9cf4064d1",
            "assign_ipv6_address_on_creation": false,
            "availability_zone": "us-east-1b",
            "availability_zone_id": "use1-az6",
            "cidr_block": "10.0.2.0/24",
            "customer_owned_ipv4_pool": "",
            "enable_dns64": false,
            "enable_resource_name_dns_a_record_on_launch": false,
            "enable_resource_name_dns_aaaa_record_on_launch": false,
            "id": "subnet-0d58e4ea9cf4064d1",
            "ipv6_cidr_block": "",
            "ipv6_cidr_block_association_id": "",
            "ipv6_native": false,
            "map_customer_owned_ip_on_launch": false,
            "map_public_ip_on_launch": false,
            "outpost_arn": "",
            "owner_id": "456962030521",
            "private_dns_hostname_type_on_launch": "ip-name",
            "tags": null,
            "tags_all": {},
            "timeouts": null,
            "vpc_id": "vpc-081fe7ad2b6311fb2"
          },
          "sensitive_attributes": [],
          "private": "eyJlMmJmYjczMC1lY2FhLTExZTYtOGY4OC0zNDM2M2JjN2M0YzAiOnsiY3JlYXRlIjo2MDAwMDAwMDAwMDAsImRlbGV0ZSI6MTIwMDAwMDAwMDAwMH0sInNjaGVtYV92ZXJzaW9uIjoiMSJ9",
          "dependencies": [
            "aws_vpc.prod-vpc"
          ]
        }
      ]
    },
    {
      "mode": "managed",
      "type": "aws_subnet",
      "name": "prod-subnet-private-2",
      "provider": "provider[\"registry.terraform.io/hashicorp/aws\"]",
      "instances": [
        {
          "schema_version": 1,
          "attributes": {
            "arn": "arn:aws:ec2:us-east-1:456962030521:subnet/subnet-0fcca83ab1081446a",
            "assign_ipv6_address_on_creation": false,
            "availability_zone": "us-east-1c",
            "availability_zone_id": "use1-az1",
            "cidr_block": "10.0.3.0/24",
            "customer_owned_ipv4_pool": "",
            "enable_dns64": false,
            "enable_resource_name_dns_a_record_on_launch": false,
            "enable_resource_name_dns_aaaa_record_on_launch": false,
            "id": "subnet-0fcca83ab1081446a",
            "ipv6_cidr_block": "",
            "ipv6_cidr_block_association_id": "",
            "ipv6_native": false,
            "map_customer_owned_ip_on_launch": false,
            "map_public_ip_on_launch": false,
            "outpost_arn": "",
            "owner_id": "456962030521",
            "private_dns_hostname_type_on_launch": "ip-name",
            "tags": null,
            "tags_all": {},
            "timeouts": null,
            "vpc_id": "vpc-081fe7ad2b6311fb2"
          },
          "sensitive_attributes": [],
          "private": "eyJlMmJmYjczMC1lY2FhLTExZTYtOGY4OC0zNDM2M2JjN2M0YzAiOnsiY3JlYXRlIjo2MDAwMDAwMDAwMDAsImRlbGV0ZSI6MTIwMDAwMDAwMDAwMH0sInNjaGVtYV92ZXJzaW9uIjoiMSJ9",
          "dependencies": [
            "aws_vpc.prod-vpc"
          ]
        }
      ]
    },
    {
      "mode": "managed",
      "type": "aws_subnet",
      "name": "prod-subnet-public-1",
      "provider": "provider[\"registry.terraform.io/hashicorp/aws\"]",
      "instances": [
        {
          "schema_version": 1,
          "attributes": {
            "arn": "arn:aws:ec2:us-east-1:456962030521:subnet/subnet-0e864e43b9219d746",
            "assign_ipv6_address_on_creation": false,
            "availability_zone": "us-east-1a",
            "availability_zone_id": "use1-az4",
            "cidr_block": "10.0.1.0/24",
            "customer_owned_ipv4_pool": "",
            "enable_dns64": false,
            "enable_resource_name_dns_a_record_on_launch": false,
            "enable_resource_name_dns_aaaa_record_on_launch": false,
            "id": "subnet-0e864e43b9219d746",
            "ipv6_cidr_block": "",
            "ipv6_cidr_block_association_id": "",
            "ipv6_native": false,
            "map_customer_owned_ip_on_launch": false,
            "map_public_ip_on_launch": true,
            "outpost_arn": "",
            "owner_id": "456962030521",
            "private_dns_hostname_type_on_launch": "ip-name",
            "tags": null,
            "tags_all": {},
            "timeouts": null,
            "vpc_id": "vpc-081fe7ad2b6311fb2"
          },
          "sensitive_attributes": [],
          "private": "eyJlMmJmYjczMC1lY2FhLTExZTYtOGY4OC0zNDM2M2JjN2M0YzAiOnsiY3JlYXRlIjo2MDAwMDAwMDAwMDAsImRlbGV0ZSI6MTIwMDAwMDAwMDAwMH0sInNjaGVtYV92ZXJzaW9uIjoiMSJ9",
          "dependencies": [
            "aws_vpc.prod-vpc"
          ]
        }
      ]
    },
    {
      "mode": "managed",
      "type": "aws_vpc",
      "name": "prod-vpc",
      "provider": "provider[\"registry.terraform.io/hashicorp/aws\"]",
      "instances": [
        {
          "schema_version": 1,
          "attributes": {
            "arn": "arn:aws:ec2:us-east-1:456962030521:vpc/vpc-081fe7ad2b6311fb2",
            "assign_generated_ipv6_cidr_block": false,
            "cidr_block": "10.0.0.0/16",
            "default_network_acl_id": "acl-047090157495efbd5",
            "default_route_table_id": "rtb-098194182fcd18b6c",
            "default_security_group_id": "sg-02591858a13eb25fa",
            "dhcp_options_id": "dopt-0173608608bb9b90a",
            "enable_classiclink": false,
            "enable_classiclink_dns_support": false,
            "enable_dns_hostnames": true,
            "enable_dns_support": true,
            "id": "vpc-081fe7ad2b6311fb2",
            "instance_tenancy": "default",
            "ipv4_ipam_pool_id": null,
            "ipv4_netmask_length": null,
            "ipv6_association_id": "",
            "ipv6_cidr_block": "",
            "ipv6_cidr_block_network_border_group": "",
            "ipv6_ipam_pool_id": "",
            "ipv6_netmask_length": 0,
            "main_route_table_id": "rtb-098194182fcd18b6c",
            "owner_id": "456962030521",
            "tags": null,
            "tags_all": {}
          },
          "sensitive_attributes": [],
          "private": "eyJzY2hlbWFfdmVyc2lvbiI6IjEifQ=="
        }
      ]
    },
    {
      "mode": "managed",
      "type": "local_file",
      "name": "dados-rds-file",
      "provider": "provider[\"registry.terraform.io/hashicorp/local\"]",
      "instances": [
        {
          "schema_version": 0,
          "attributes": {
            "content": "AUTH_KEY: 55}a.|]~J_\u0026xqy1Tzj+EKIAb^%+u_-LWj4vT-.8=!;-./|z*Fg/G:K1-|+BTpX!Y\nSECURE_AUTH_KEY: oQ2)!(LISKscS*3{Z_\u003cj]BC apv$vUyUhf*{:zasJ\u0026q4g@PXLl0E!^*pt7\u003e-Ld[-\nLOGGED_IN_KEY: HE|mip}vngoev~U$P2H:2,l(Q=GF+cUl+n6tzkb[YV1`[dui3S0o]jE-\u003evJWXN|]\nNONCE_KEY: MD!{U}w]\u003c{^{Rcm?swml8rLFO.kApT:ur aQyCdR:@,iBrvld+\u003cC!(q+}(6~JBSe\nAUTH_SALT: Q\u003cDd7H~HYRM-]?K[4u3\u0026ijr:d{IS1cbiD#+yygZg[q/0p/h!#|4iA}[!pT[2K3Ss\nSECURE_AUTH_SALT: veu@M0O;\u003cCcO$6hyY}+zRD;Pm?}+Pm+H!4X|fJU:,7A{3w?S#f|G+!HeRFX\u003cN7\u003eK\nLOGGED_IN_SALT: f43|CIfH`=m3HK)q^dzBbZE,6b azb@hdQ#P\u003cj5%hfmpmeL_Qq3l~9,]\u003cZM]KcB)\nNONCE_SALT: )u\u003cZ=tMMGs-miQo1XHF\u0026p\u003c[X8W`|#d+v 7H6~T9r TJ0R+CxIc-^DDS3Q#\u003euIHOF\n\n#root_password: \"root\"\n#\n#user_name: \"wordpressuser\"\n#user_pass: \"wordpresspass\"\n#db_name: \"wordpress\"\n\ndb_name: wordpress_db\ndb_host: terraform-20240207142053183800000004.cqygjnfepyaz.us-east-1.rds.amazonaws.com:3306\ndb_username: wordpress_user\ndb_password: PassWord4-user\n\nmysql_port: 3306",
            "content_base64": null,
            "content_base64sha256": "nhxxjJ7NbAOG7r6a6kDKAuXe80MeKeYFLxMRJUgWr+g=",
            "content_base64sha512": "3lRdpg4dTXn+CILabDrlCLy9EmyMQU99WA2IfiOIajOO+ubykn9UJeK5AewxGxo+/KrcphNyveeV3E52m07riQ==",
            "content_md5": "a962ec777ebf3d93df7997fb58a2ebc5",
            "content_sha1": "43a2bea1fb0568a868a171cae14246888b6bb3f8",
            "content_sha256": "9e1c718c9ecd6c0386eebe9aea40ca02e5def3431e29e6052f1311254816afe8",
            "content_sha512": "de545da60e1d4d79fe0882da6c3ae508bcbd126c8c414f7d580d887e23886a338efae6f2927f5425e2b901ec311b1a3efcaadca61372bde795dc4e769b4eeb89",
            "directory_permission": "0777",
            "file_permission": "0777",
            "filename": "./galaxy/group_vars/all.yaml",
            "id": "43a2bea1fb0568a868a171cae14246888b6bb3f8",
            "sensitive_content": null,
            "source": null
          },
          "sensitive_attributes": [],
          "dependencies": [
            "aws_db_instance.wordpressdb",
            "aws_db_subnet_group.RDS_subnet_grp",
            "aws_eip.eip",
            "aws_instance.wordpressec2",
            "aws_security_group.RDS_allow_rule",
            "aws_security_group.ec2_allow_rule",
            "aws_subnet.prod-subnet-private-1",
            "aws_subnet.prod-subnet-private-2",
            "aws_subnet.prod-subnet-public-1",
            "aws_vpc.prod-vpc",
            "data.template_file.dados-rds"
          ]
        }
      ]
    },
    {
      "mode": "managed",
      "type": "local_file",
      "name": "hosts-correto-file",
      "provider": "provider[\"registry.terraform.io/hashicorp/local\"]",
      "instances": [
        {
          "schema_version": 0,
          "attributes": {
            "content": "[all]\n44.221.143.47\n\n[localhost]\n44.221.143.47",
            "content_base64": null,
            "content_base64sha256": "RrlL6A5bkO2zYMKGo6jHrRlSDLjicvSgu6vJ8C2phmU=",
            "content_base64sha512": "7fA7wYnVlOtj8eDJN7Rw4JZKw1r0In6Vge8SsyBNrc+LYRMZjcLjzPjXg+YrHKhi4L1wuXGDKlPq7x793TZRHQ==",
            "content_md5": "b1a1c4570feb9c35fa1b716cb12e33d1",
            "content_sha1": "3ba6924ff2a3aa50a3262822cfdfd2dea01cbe36",
            "content_sha256": "46b94be80e5b90edb360c286a3a8c7ad19520cb8e272f4a0bbabc9f02da98665",
            "content_sha512": "edf03bc189d594eb63f1e0c937b470e0964ac35af4227e9581ef12b3204dadcf8b6113198dc2e3ccf8d783e62b1ca862e0bd70b971832a53eaef1efddd36511d",
            "directory_permission": "0777",
            "file_permission": "0777",
            "filename": "./galaxy/hosts.ini",
            "id": "3ba6924ff2a3aa50a3262822cfdfd2dea01cbe36",
            "sensitive_content": null,
            "source": null
          },
          "sensitive_attributes": [],
          "dependencies": [
            "aws_db_instance.wordpressdb",
            "aws_db_subnet_group.RDS_subnet_grp",
            "aws_eip.eip",
            "aws_instance.wordpressec2",
            "aws_security_group.RDS_allow_rule",
            "aws_security_group.ec2_allow_rule",
            "aws_subnet.prod-subnet-private-1",
            "aws_subnet.prod-subnet-private-2",
            "aws_subnet.prod-subnet-public-1",
            "aws_vpc.prod-vpc",
            "data.template_file.hosts-correto"
          ]
        }
      ]
    },
    {
      "mode": "managed",
      "type": "null_resource",
      "name": "Wordpress_Installation_Waiting",
      "provider": "provider[\"registry.terraform.io/hashicorp/null\"]",
      "instances": [
        {
          "status": "tainted",
          "schema_version": 0,
          "attributes": {
            "id": "3472364222247416972",
            "triggers": {
              "ec2_id": "i-0d25952969f7fb94a",
              "rds_endpoint": "terraform-20240207142053183800000004.cqygjnfepyaz.us-east-1.rds.amazonaws.com:3306"
            }
          },
          "sensitive_attributes": [],
          "private": "bnVsbA==",
          "dependencies": [
            "aws_db_instance.wordpressdb",
            "aws_db_subnet_group.RDS_subnet_grp",
            "aws_instance.wordpressec2",
            "aws_security_group.RDS_allow_rule",
            "aws_security_group.ec2_allow_rule",
            "aws_subnet.prod-subnet-private-1",
            "aws_subnet.prod-subnet-private-2",
            "aws_subnet.prod-subnet-public-1",
            "aws_vpc.prod-vpc"
          ]
        }
      ]
    }
  ],
  "check_results": null
}
